// !$*UTF8*$!
{
	archiveVersion = 1;
	classes = {
	};
	objectVersion = 56;
	objects = {

/* Begin PBXBuildFile section */
		342373E92C93493800046832 /* FiltersSheet.swift in Sources */ = {isa = PBXBuildFile; fileRef = 342373E82C93493800046832 /* FiltersSheet.swift */; };
		3428790B2C99E256002AF7A5 /* SwiftfulUI in Frameworks */ = {isa = PBXBuildFile; productRef = 3428790A2C99E256002AF7A5 /* SwiftfulUI */; };
		3428790D2C99E5A5002AF7A5 /* ImageOrangeCircle.swift in Sources */ = {isa = PBXBuildFile; fileRef = 3428790C2C99E5A5002AF7A5 /* ImageOrangeCircle.swift */; };
		342D19822CB29C34006603DE /* DetailedCharacter.swift in Sources */ = {isa = PBXBuildFile; fileRef = 342D19812CB29C34006603DE /* DetailedCharacter.swift */; };
		342D19842CB29FD7006603DE /* DetailCharacterDataSourceProtocol.swift in Sources */ = {isa = PBXBuildFile; fileRef = 342D19832CB29FD7006603DE /* DetailCharacterDataSourceProtocol.swift */; };
		342D19862CB2A045006603DE /* NetworkDetailCharacterDataSource.swift in Sources */ = {isa = PBXBuildFile; fileRef = 342D19852CB2A045006603DE /* NetworkDetailCharacterDataSource.swift */; };
		342D19892CB2A2F9006603DE /* DetailCharacterRepositoryProtocol.swift in Sources */ = {isa = PBXBuildFile; fileRef = 342D19882CB2A2F9006603DE /* DetailCharacterRepositoryProtocol.swift */; };
		342D198B2CB2A348006603DE /* DetailCharacterRepositoryImpl.swift in Sources */ = {isa = PBXBuildFile; fileRef = 342D198A2CB2A348006603DE /* DetailCharacterRepositoryImpl.swift */; };
		343DC2ED2C89AA4400BCCF39 /* DBZApp.swift in Sources */ = {isa = PBXBuildFile; fileRef = 343DC2EC2C89AA4400BCCF39 /* DBZApp.swift */; };
		343DC2F12C89AA4500BCCF39 /* Assets.xcassets in Resources */ = {isa = PBXBuildFile; fileRef = 343DC2F02C89AA4500BCCF39 /* Assets.xcassets */; };
		343DC2F42C89AA4500BCCF39 /* Preview Assets.xcassets in Resources */ = {isa = PBXBuildFile; fileRef = 343DC2F32C89AA4500BCCF39 /* Preview Assets.xcassets */; };
		343DC3052C89AFE600BCCF39 /* Character.swift in Sources */ = {isa = PBXBuildFile; fileRef = 343DC3042C89AFE600BCCF39 /* Character.swift */; };
		343DC3082C89B52B00BCCF39 /* localDatabase.json in Resources */ = {isa = PBXBuildFile; fileRef = 343DC3072C89B52B00BCCF39 /* localDatabase.json */; };
		343DC30A2C89BE7900BCCF39 /* CharacterDataSourceProtocol.swift in Sources */ = {isa = PBXBuildFile; fileRef = 343DC3092C89BE7800BCCF39 /* CharacterDataSourceProtocol.swift */; };
		343DC30C2C89BFC100BCCF39 /* LocalCharacterDataSource.swift in Sources */ = {isa = PBXBuildFile; fileRef = 343DC30B2C89BFC100BCCF39 /* LocalCharacterDataSource.swift */; };
		343DC30E2C89BFD500BCCF39 /* NetworkCharacterDataSource.swift in Sources */ = {isa = PBXBuildFile; fileRef = 343DC30D2C89BFD500BCCF39 /* NetworkCharacterDataSource.swift */; };
		343DC3112C89C43900BCCF39 /* DataService.swift in Sources */ = {isa = PBXBuildFile; fileRef = 343DC3102C89C43900BCCF39 /* DataService.swift */; };
		343DC3132C89C87400BCCF39 /* CharacterRepositoryProtocol.swift in Sources */ = {isa = PBXBuildFile; fileRef = 343DC3122C89C87400BCCF39 /* CharacterRepositoryProtocol.swift */; };
		343DC3152C89C95300BCCF39 /* CharacterRepositoryImpl.swift in Sources */ = {isa = PBXBuildFile; fileRef = 343DC3142C89C95300BCCF39 /* CharacterRepositoryImpl.swift */; };
		343DC3172C89CC3C00BCCF39 /* UseCaseError.swift in Sources */ = {isa = PBXBuildFile; fileRef = 343DC3162C89CC3C00BCCF39 /* UseCaseError.swift */; };
		343DC3192C89CC7A00BCCF39 /* GetLocalCharactersUseCaseProtocol.swift in Sources */ = {isa = PBXBuildFile; fileRef = 343DC3182C89CC7A00BCCF39 /* GetLocalCharactersUseCaseProtocol.swift */; };
		343DC31B2C89CC9900BCCF39 /* FetchCharactersFromAPIUseCaseProtocol.swift in Sources */ = {isa = PBXBuildFile; fileRef = 343DC31A2C89CC9900BCCF39 /* FetchCharactersFromAPIUseCaseProtocol.swift */; };
		343DC31D2C89CCC300BCCF39 /* GetLocalCharactersUseCaseImpl.swift in Sources */ = {isa = PBXBuildFile; fileRef = 343DC31C2C89CCC300BCCF39 /* GetLocalCharactersUseCaseImpl.swift */; };
		343DC31F2C89CCF200BCCF39 /* FetchCharactersFromAPIUseCaseImpl.swift in Sources */ = {isa = PBXBuildFile; fileRef = 343DC31E2C89CCF200BCCF39 /* FetchCharactersFromAPIUseCaseImpl.swift */; };
		343DC3212C89CDC100BCCF39 /* HomeViewModel.swift in Sources */ = {isa = PBXBuildFile; fileRef = 343DC3202C89CDC100BCCF39 /* HomeViewModel.swift */; };
		343DC3232C89F97300BCCF39 /* HomeView.swift in Sources */ = {isa = PBXBuildFile; fileRef = 343DC3222C89F97300BCCF39 /* HomeView.swift */; };
		343DC3262C89FB7400BCCF39 /* MockGetLocalCharactersUseCase.swift in Sources */ = {isa = PBXBuildFile; fileRef = 343DC3252C89FB7400BCCF39 /* MockGetLocalCharactersUseCase.swift */; };
		343DC3282C89FCA500BCCF39 /* MockFetchCharactersFromAPIUseCase.swift in Sources */ = {isa = PBXBuildFile; fileRef = 343DC3272C89FCA500BCCF39 /* MockFetchCharactersFromAPIUseCase.swift */; };
		343DC32B2C8A088800BCCF39 /* DeveloperPreview.swift in Sources */ = {isa = PBXBuildFile; fileRef = 343DC32A2C8A088800BCCF39 /* DeveloperPreview.swift */; };
		343F837F2C8EFC9A0053CBA4 /* Filter.swift in Sources */ = {isa = PBXBuildFile; fileRef = 343F837E2C8EFC9A0053CBA4 /* Filter.swift */; };
		3448DE8E2CB2A4C7004AE3EE /* FetchDetailCharacterUseCaseProtocol.swift in Sources */ = {isa = PBXBuildFile; fileRef = 3448DE8D2CB2A4C7004AE3EE /* FetchDetailCharacterUseCaseProtocol.swift */; };
		3448DE902CB2A4FA004AE3EE /* FetchDetailCharacterUseCaseImpl.swift in Sources */ = {isa = PBXBuildFile; fileRef = 3448DE8F2CB2A4FA004AE3EE /* FetchDetailCharacterUseCaseImpl.swift */; };
		3448DE922CB2A7FF004AE3EE /* DetailViewModel.swift in Sources */ = {isa = PBXBuildFile; fileRef = 3448DE912CB2A7FF004AE3EE /* DetailViewModel.swift */; };
		3452BEDA2C90BA3F00E32517 /* FiltersBarView.swift in Sources */ = {isa = PBXBuildFile; fileRef = 3452BED92C90BA3F00E32517 /* FiltersBarView.swift */; };
		345D5A992C8B5375003BA242 /* SearchBarView.swift in Sources */ = {isa = PBXBuildFile; fileRef = 345D5A982C8B5375003BA242 /* SearchBarView.swift */; };
		345D5A9B2C8B5507003BA242 /* UIApplication.swift in Sources */ = {isa = PBXBuildFile; fileRef = 345D5A9A2C8B5507003BA242 /* UIApplication.swift */; };
		345D5A9D2C8B5F11003BA242 /* FilterCell.swift in Sources */ = {isa = PBXBuildFile; fileRef = 345D5A9C2C8B5F11003BA242 /* FilterCell.swift */; };
		348C76772CA050CC00235D7F /* FavoritesContainer.xcdatamodeld in Sources */ = {isa = PBXBuildFile; fileRef = 348C76752CA050CC00235D7F /* FavoritesContainer.xcdatamodeld */; };
		348C76792CA0525100235D7F /* FavoritesDataSource.swift in Sources */ = {isa = PBXBuildFile; fileRef = 348C76782CA0525100235D7F /* FavoritesDataSource.swift */; };
		348C767C2CA05EA800235D7F /* FavoritesRepositoryProtocol.swift in Sources */ = {isa = PBXBuildFile; fileRef = 348C767B2CA05EA800235D7F /* FavoritesRepositoryProtocol.swift */; };
		348C767E2CA05ECD00235D7F /* FavoritesRepositoryImpl.swift in Sources */ = {isa = PBXBuildFile; fileRef = 348C767D2CA05ECD00235D7F /* FavoritesRepositoryImpl.swift */; };
		348C76812CA0601C00235D7F /* FavoritesUseCaseProtocol.swift in Sources */ = {isa = PBXBuildFile; fileRef = 348C76802CA0601C00235D7F /* FavoritesUseCaseProtocol.swift */; };
		348C76832CA0603100235D7F /* FavoritesUseCaseImpl.swift in Sources */ = {isa = PBXBuildFile; fileRef = 348C76822CA0603100235D7F /* FavoritesUseCaseImpl.swift */; };
		348F0C3C2C94816400A7736A /* SwiftfulRouting in Frameworks */ = {isa = PBXBuildFile; productRef = 348F0C3B2C94816400A7736A /* SwiftfulRouting */; };
		34A704F32CB030DD00CCE7B5 /* DetailInfoSection.swift in Sources */ = {isa = PBXBuildFile; fileRef = 34A704F22CB030DD00CCE7B5 /* DetailInfoSection.swift */; };
		34BF19A52C95D14C00A6B55A /* NoResultsView.swift in Sources */ = {isa = PBXBuildFile; fileRef = 34BF19A42C95D14C00A6B55A /* NoResultsView.swift */; };
		34BF19A72C95D81700A6B55A /* SortOption.swift in Sources */ = {isa = PBXBuildFile; fileRef = 34BF19A62C95D81700A6B55A /* SortOption.swift */; };
		34BF19AA2C95D95100A6B55A /* SortCharactersUsecaseProtocol.swift in Sources */ = {isa = PBXBuildFile; fileRef = 34BF19A92C95D95100A6B55A /* SortCharactersUsecaseProtocol.swift */; };
		34BF19AC2C95D96F00A6B55A /* SortCharactersUseCaseImpl.swift in Sources */ = {isa = PBXBuildFile; fileRef = 34BF19AB2C95D96F00A6B55A /* SortCharactersUseCaseImpl.swift */; };
		34BF19AE2C95E04A00A6B55A /* SortMenu.swift in Sources */ = {isa = PBXBuildFile; fileRef = 34BF19AD2C95E04A00A6B55A /* SortMenu.swift */; };
		34C4BDD32CB1890200C5060C /* ExpandableText.swift in Sources */ = {isa = PBXBuildFile; fileRef = 34C4BDD22CB1890200C5060C /* ExpandableText.swift */; };
		34C4BDD82CB192AA00C5060C /* DetailBottomButtons.swift in Sources */ = {isa = PBXBuildFile; fileRef = 34C4BDD72CB192AA00C5060C /* DetailBottomButtons.swift */; };
		34C4BDDA2CB1979700C5060C /* InteractiveCard.swift in Sources */ = {isa = PBXBuildFile; fileRef = 34C4BDD92CB1979700C5060C /* InteractiveCard.swift */; };
		34C5E2D02C98920800A1AC41 /* ImageBlueCircle.swift in Sources */ = {isa = PBXBuildFile; fileRef = 34C5E2CF2C98920800A1AC41 /* ImageBlueCircle.swift */; };
		34C5E2D22C98945600A1AC41 /* TitleHeader.swift in Sources */ = {isa = PBXBuildFile; fileRef = 34C5E2D12C98945600A1AC41 /* TitleHeader.swift */; };
		34C9FB352C919FAF00FA0139 /* FilterRepositoryProtocol.swift in Sources */ = {isa = PBXBuildFile; fileRef = 34C9FB342C919FAF00FA0139 /* FilterRepositoryProtocol.swift */; };
		34C9FB372C91A03200FA0139 /* FilterRepositoryImpl.swift in Sources */ = {isa = PBXBuildFile; fileRef = 34C9FB362C91A03200FA0139 /* FilterRepositoryImpl.swift */; };
		34C9FB3B2C91A1AD00FA0139 /* GetFiltersUseCaseProtocol.swift in Sources */ = {isa = PBXBuildFile; fileRef = 34C9FB3A2C91A1AD00FA0139 /* GetFiltersUseCaseProtocol.swift */; };
		34C9FB3D2C91A1C600FA0139 /* GetFiltersUseCaseImpl.swift in Sources */ = {isa = PBXBuildFile; fileRef = 34C9FB3C2C91A1C600FA0139 /* GetFiltersUseCaseImpl.swift */; };
		34C9FB402C91A8C300FA0139 /* FilterOption.swift in Sources */ = {isa = PBXBuildFile; fileRef = 34C9FB3F2C91A8C300FA0139 /* FilterOption.swift */; };
		34DCBDD12C96F758005DEDAA /* Kingfisher in Frameworks */ = {isa = PBXBuildFile; productRef = 34DCBDD02C96F758005DEDAA /* Kingfisher */; };
		34DCBDD32C96F7D4005DEDAA /* KingfisherImageLoader.swift in Sources */ = {isa = PBXBuildFile; fileRef = 34DCBDD22C96F7D4005DEDAA /* KingfisherImageLoader.swift */; };
		34DCBDD52C96F82E005DEDAA /* ImageLoaderView.swift in Sources */ = {isa = PBXBuildFile; fileRef = 34DCBDD42C96F82E005DEDAA /* ImageLoaderView.swift */; };
		34EBEE332CA809DB006FBCC6 /* DetailView.swift in Sources */ = {isa = PBXBuildFile; fileRef = 34EBEE322CA809DB006FBCC6 /* DetailView.swift */; };
		34EBEE352CA80C5B006FBCC6 /* DetailImageTopCell.swift in Sources */ = {isa = PBXBuildFile; fileRef = 34EBEE342CA80C5B006FBCC6 /* DetailImageTopCell.swift */; };
		34EBEE392CA8150B006FBCC6 /* DetailHeaderBar.swift in Sources */ = {isa = PBXBuildFile; fileRef = 34EBEE382CA8150B006FBCC6 /* DetailHeaderBar.swift */; };
		34ECF97E2C9F076F00ADFDF8 /* DatabaseCardView.swift in Sources */ = {isa = PBXBuildFile; fileRef = 34ECF97D2C9F076F00ADFDF8 /* DatabaseCardView.swift */; };
/* End PBXBuildFile section */

/* Begin PBXFileReference section */
		342373E82C93493800046832 /* FiltersSheet.swift */ = {isa = PBXFileReference; lastKnownFileType = sourcecode.swift; path = FiltersSheet.swift; sourceTree = "<group>"; };
		3428790C2C99E5A5002AF7A5 /* ImageOrangeCircle.swift */ = {isa = PBXFileReference; lastKnownFileType = sourcecode.swift; path = ImageOrangeCircle.swift; sourceTree = "<group>"; };
		342D19812CB29C34006603DE /* DetailedCharacter.swift */ = {isa = PBXFileReference; lastKnownFileType = sourcecode.swift; path = DetailedCharacter.swift; sourceTree = "<group>"; };
		342D19832CB29FD7006603DE /* DetailCharacterDataSourceProtocol.swift */ = {isa = PBXFileReference; lastKnownFileType = sourcecode.swift; path = DetailCharacterDataSourceProtocol.swift; sourceTree = "<group>"; };
		342D19852CB2A045006603DE /* NetworkDetailCharacterDataSource.swift */ = {isa = PBXFileReference; lastKnownFileType = sourcecode.swift; path = NetworkDetailCharacterDataSource.swift; sourceTree = "<group>"; };
		342D19882CB2A2F9006603DE /* DetailCharacterRepositoryProtocol.swift */ = {isa = PBXFileReference; lastKnownFileType = sourcecode.swift; path = DetailCharacterRepositoryProtocol.swift; sourceTree = "<group>"; };
		342D198A2CB2A348006603DE /* DetailCharacterRepositoryImpl.swift */ = {isa = PBXFileReference; lastKnownFileType = sourcecode.swift; path = DetailCharacterRepositoryImpl.swift; sourceTree = "<group>"; };
		343DC2E92C89AA4400BCCF39 /* DBZApp.app */ = {isa = PBXFileReference; explicitFileType = wrapper.application; includeInIndex = 0; path = DBZApp.app; sourceTree = BUILT_PRODUCTS_DIR; };
		343DC2EC2C89AA4400BCCF39 /* DBZApp.swift */ = {isa = PBXFileReference; lastKnownFileType = sourcecode.swift; path = DBZApp.swift; sourceTree = "<group>"; };
		343DC2F02C89AA4500BCCF39 /* Assets.xcassets */ = {isa = PBXFileReference; lastKnownFileType = folder.assetcatalog; path = Assets.xcassets; sourceTree = "<group>"; };
		343DC2F32C89AA4500BCCF39 /* Preview Assets.xcassets */ = {isa = PBXFileReference; lastKnownFileType = folder.assetcatalog; path = "Preview Assets.xcassets"; sourceTree = "<group>"; };
		343DC3042C89AFE600BCCF39 /* Character.swift */ = {isa = PBXFileReference; lastKnownFileType = sourcecode.swift; path = Character.swift; sourceTree = "<group>"; };
		343DC3072C89B52B00BCCF39 /* localDatabase.json */ = {isa = PBXFileReference; fileEncoding = 4; lastKnownFileType = text.json; path = localDatabase.json; sourceTree = "<group>"; };
		343DC3092C89BE7800BCCF39 /* CharacterDataSourceProtocol.swift */ = {isa = PBXFileReference; lastKnownFileType = sourcecode.swift; path = CharacterDataSourceProtocol.swift; sourceTree = "<group>"; };
		343DC30B2C89BFC100BCCF39 /* LocalCharacterDataSource.swift */ = {isa = PBXFileReference; lastKnownFileType = sourcecode.swift; path = LocalCharacterDataSource.swift; sourceTree = "<group>"; };
		343DC30D2C89BFD500BCCF39 /* NetworkCharacterDataSource.swift */ = {isa = PBXFileReference; lastKnownFileType = sourcecode.swift; path = NetworkCharacterDataSource.swift; sourceTree = "<group>"; };
		343DC3102C89C43900BCCF39 /* DataService.swift */ = {isa = PBXFileReference; lastKnownFileType = sourcecode.swift; path = DataService.swift; sourceTree = "<group>"; };
		343DC3122C89C87400BCCF39 /* CharacterRepositoryProtocol.swift */ = {isa = PBXFileReference; lastKnownFileType = sourcecode.swift; path = CharacterRepositoryProtocol.swift; sourceTree = "<group>"; };
		343DC3142C89C95300BCCF39 /* CharacterRepositoryImpl.swift */ = {isa = PBXFileReference; lastKnownFileType = sourcecode.swift; path = CharacterRepositoryImpl.swift; sourceTree = "<group>"; };
		343DC3162C89CC3C00BCCF39 /* UseCaseError.swift */ = {isa = PBXFileReference; lastKnownFileType = sourcecode.swift; path = UseCaseError.swift; sourceTree = "<group>"; };
		343DC3182C89CC7A00BCCF39 /* GetLocalCharactersUseCaseProtocol.swift */ = {isa = PBXFileReference; lastKnownFileType = sourcecode.swift; path = GetLocalCharactersUseCaseProtocol.swift; sourceTree = "<group>"; };
		343DC31A2C89CC9900BCCF39 /* FetchCharactersFromAPIUseCaseProtocol.swift */ = {isa = PBXFileReference; lastKnownFileType = sourcecode.swift; path = FetchCharactersFromAPIUseCaseProtocol.swift; sourceTree = "<group>"; };
		343DC31C2C89CCC300BCCF39 /* GetLocalCharactersUseCaseImpl.swift */ = {isa = PBXFileReference; lastKnownFileType = sourcecode.swift; path = GetLocalCharactersUseCaseImpl.swift; sourceTree = "<group>"; };
		343DC31E2C89CCF200BCCF39 /* FetchCharactersFromAPIUseCaseImpl.swift */ = {isa = PBXFileReference; lastKnownFileType = sourcecode.swift; path = FetchCharactersFromAPIUseCaseImpl.swift; sourceTree = "<group>"; };
		343DC3202C89CDC100BCCF39 /* HomeViewModel.swift */ = {isa = PBXFileReference; lastKnownFileType = sourcecode.swift; path = HomeViewModel.swift; sourceTree = "<group>"; };
		343DC3222C89F97300BCCF39 /* HomeView.swift */ = {isa = PBXFileReference; lastKnownFileType = sourcecode.swift; path = HomeView.swift; sourceTree = "<group>"; };
		343DC3252C89FB7400BCCF39 /* MockGetLocalCharactersUseCase.swift */ = {isa = PBXFileReference; lastKnownFileType = sourcecode.swift; path = MockGetLocalCharactersUseCase.swift; sourceTree = "<group>"; };
		343DC3272C89FCA500BCCF39 /* MockFetchCharactersFromAPIUseCase.swift */ = {isa = PBXFileReference; lastKnownFileType = sourcecode.swift; path = MockFetchCharactersFromAPIUseCase.swift; sourceTree = "<group>"; };
		343DC32A2C8A088800BCCF39 /* DeveloperPreview.swift */ = {isa = PBXFileReference; lastKnownFileType = sourcecode.swift; path = DeveloperPreview.swift; sourceTree = "<group>"; };
		343F837E2C8EFC9A0053CBA4 /* Filter.swift */ = {isa = PBXFileReference; lastKnownFileType = sourcecode.swift; path = Filter.swift; sourceTree = "<group>"; };
		3448DE8D2CB2A4C7004AE3EE /* FetchDetailCharacterUseCaseProtocol.swift */ = {isa = PBXFileReference; lastKnownFileType = sourcecode.swift; path = FetchDetailCharacterUseCaseProtocol.swift; sourceTree = "<group>"; };
		3448DE8F2CB2A4FA004AE3EE /* FetchDetailCharacterUseCaseImpl.swift */ = {isa = PBXFileReference; lastKnownFileType = sourcecode.swift; path = FetchDetailCharacterUseCaseImpl.swift; sourceTree = "<group>"; };
		3448DE912CB2A7FF004AE3EE /* DetailViewModel.swift */ = {isa = PBXFileReference; lastKnownFileType = sourcecode.swift; path = DetailViewModel.swift; sourceTree = "<group>"; };
		3452BED92C90BA3F00E32517 /* FiltersBarView.swift */ = {isa = PBXFileReference; lastKnownFileType = sourcecode.swift; path = FiltersBarView.swift; sourceTree = "<group>"; };
		345D5A982C8B5375003BA242 /* SearchBarView.swift */ = {isa = PBXFileReference; lastKnownFileType = sourcecode.swift; path = SearchBarView.swift; sourceTree = "<group>"; };
		345D5A9A2C8B5507003BA242 /* UIApplication.swift */ = {isa = PBXFileReference; lastKnownFileType = sourcecode.swift; path = UIApplication.swift; sourceTree = "<group>"; };
		345D5A9C2C8B5F11003BA242 /* FilterCell.swift */ = {isa = PBXFileReference; lastKnownFileType = sourcecode.swift; path = FilterCell.swift; sourceTree = "<group>"; };
		348C76762CA050CC00235D7F /* FavoritesContainer.xcdatamodel */ = {isa = PBXFileReference; lastKnownFileType = wrapper.xcdatamodel; path = FavoritesContainer.xcdatamodel; sourceTree = "<group>"; };
		348C76782CA0525100235D7F /* FavoritesDataSource.swift */ = {isa = PBXFileReference; lastKnownFileType = sourcecode.swift; path = FavoritesDataSource.swift; sourceTree = "<group>"; };
		348C767B2CA05EA800235D7F /* FavoritesRepositoryProtocol.swift */ = {isa = PBXFileReference; lastKnownFileType = sourcecode.swift; path = FavoritesRepositoryProtocol.swift; sourceTree = "<group>"; };
		348C767D2CA05ECD00235D7F /* FavoritesRepositoryImpl.swift */ = {isa = PBXFileReference; lastKnownFileType = sourcecode.swift; path = FavoritesRepositoryImpl.swift; sourceTree = "<group>"; };
		348C76802CA0601C00235D7F /* FavoritesUseCaseProtocol.swift */ = {isa = PBXFileReference; lastKnownFileType = sourcecode.swift; path = FavoritesUseCaseProtocol.swift; sourceTree = "<group>"; };
		348C76822CA0603100235D7F /* FavoritesUseCaseImpl.swift */ = {isa = PBXFileReference; lastKnownFileType = sourcecode.swift; path = FavoritesUseCaseImpl.swift; sourceTree = "<group>"; };
		34A704F22CB030DD00CCE7B5 /* DetailInfoSection.swift */ = {isa = PBXFileReference; lastKnownFileType = sourcecode.swift; path = DetailInfoSection.swift; sourceTree = "<group>"; };
		34BF19A42C95D14C00A6B55A /* NoResultsView.swift */ = {isa = PBXFileReference; lastKnownFileType = sourcecode.swift; path = NoResultsView.swift; sourceTree = "<group>"; };
		34BF19A62C95D81700A6B55A /* SortOption.swift */ = {isa = PBXFileReference; lastKnownFileType = sourcecode.swift; path = SortOption.swift; sourceTree = "<group>"; };
		34BF19A92C95D95100A6B55A /* SortCharactersUsecaseProtocol.swift */ = {isa = PBXFileReference; lastKnownFileType = sourcecode.swift; path = SortCharactersUsecaseProtocol.swift; sourceTree = "<group>"; };
		34BF19AB2C95D96F00A6B55A /* SortCharactersUseCaseImpl.swift */ = {isa = PBXFileReference; lastKnownFileType = sourcecode.swift; path = SortCharactersUseCaseImpl.swift; sourceTree = "<group>"; };
		34BF19AD2C95E04A00A6B55A /* SortMenu.swift */ = {isa = PBXFileReference; lastKnownFileType = sourcecode.swift; path = SortMenu.swift; sourceTree = "<group>"; };
		34C4BDD22CB1890200C5060C /* ExpandableText.swift */ = {isa = PBXFileReference; lastKnownFileType = sourcecode.swift; path = ExpandableText.swift; sourceTree = "<group>"; };
		34C4BDD72CB192AA00C5060C /* DetailBottomButtons.swift */ = {isa = PBXFileReference; lastKnownFileType = sourcecode.swift; path = DetailBottomButtons.swift; sourceTree = "<group>"; };
		34C4BDD92CB1979700C5060C /* InteractiveCard.swift */ = {isa = PBXFileReference; lastKnownFileType = sourcecode.swift; path = InteractiveCard.swift; sourceTree = "<group>"; };
		34C5E2CF2C98920800A1AC41 /* ImageBlueCircle.swift */ = {isa = PBXFileReference; lastKnownFileType = sourcecode.swift; path = ImageBlueCircle.swift; sourceTree = "<group>"; };
		34C5E2D12C98945600A1AC41 /* TitleHeader.swift */ = {isa = PBXFileReference; lastKnownFileType = sourcecode.swift; path = TitleHeader.swift; sourceTree = "<group>"; };
		34C9FB342C919FAF00FA0139 /* FilterRepositoryProtocol.swift */ = {isa = PBXFileReference; lastKnownFileType = sourcecode.swift; path = FilterRepositoryProtocol.swift; sourceTree = "<group>"; };
		34C9FB362C91A03200FA0139 /* FilterRepositoryImpl.swift */ = {isa = PBXFileReference; lastKnownFileType = sourcecode.swift; path = FilterRepositoryImpl.swift; sourceTree = "<group>"; };
		34C9FB3A2C91A1AD00FA0139 /* GetFiltersUseCaseProtocol.swift */ = {isa = PBXFileReference; lastKnownFileType = sourcecode.swift; path = GetFiltersUseCaseProtocol.swift; sourceTree = "<group>"; };
		34C9FB3C2C91A1C600FA0139 /* GetFiltersUseCaseImpl.swift */ = {isa = PBXFileReference; lastKnownFileType = sourcecode.swift; path = GetFiltersUseCaseImpl.swift; sourceTree = "<group>"; };
		34C9FB3F2C91A8C300FA0139 /* FilterOption.swift */ = {isa = PBXFileReference; lastKnownFileType = sourcecode.swift; path = FilterOption.swift; sourceTree = "<group>"; };
		34DCBDD22C96F7D4005DEDAA /* KingfisherImageLoader.swift */ = {isa = PBXFileReference; lastKnownFileType = sourcecode.swift; path = KingfisherImageLoader.swift; sourceTree = "<group>"; };
		34DCBDD42C96F82E005DEDAA /* ImageLoaderView.swift */ = {isa = PBXFileReference; lastKnownFileType = sourcecode.swift; path = ImageLoaderView.swift; sourceTree = "<group>"; };
		34EBEE322CA809DB006FBCC6 /* DetailView.swift */ = {isa = PBXFileReference; lastKnownFileType = sourcecode.swift; path = DetailView.swift; sourceTree = "<group>"; };
		34EBEE342CA80C5B006FBCC6 /* DetailImageTopCell.swift */ = {isa = PBXFileReference; lastKnownFileType = sourcecode.swift; path = DetailImageTopCell.swift; sourceTree = "<group>"; };
		34EBEE382CA8150B006FBCC6 /* DetailHeaderBar.swift */ = {isa = PBXFileReference; lastKnownFileType = sourcecode.swift; path = DetailHeaderBar.swift; sourceTree = "<group>"; };
		34ECF97D2C9F076F00ADFDF8 /* DatabaseCardView.swift */ = {isa = PBXFileReference; lastKnownFileType = sourcecode.swift; path = DatabaseCardView.swift; sourceTree = "<group>"; };
/* End PBXFileReference section */

/* Begin PBXFrameworksBuildPhase section */
		343DC2E62C89AA4400BCCF39 /* Frameworks */ = {
			isa = PBXFrameworksBuildPhase;
			buildActionMask = 2147483647;
			files = (
				3428790B2C99E256002AF7A5 /* SwiftfulUI in Frameworks */,
				34DCBDD12C96F758005DEDAA /* Kingfisher in Frameworks */,
				348F0C3C2C94816400A7736A /* SwiftfulRouting in Frameworks */,
			);
			runOnlyForDeploymentPostprocessing = 0;
		};
/* End PBXFrameworksBuildPhase section */

/* Begin PBXGroup section */
		342D19872CB2A2CE006603DE /* DetailCharacter */ = {
			isa = PBXGroup;
			children = (
				342D19882CB2A2F9006603DE /* DetailCharacterRepositoryProtocol.swift */,
				342D198A2CB2A348006603DE /* DetailCharacterRepositoryImpl.swift */,
			);
			path = DetailCharacter;
			sourceTree = "<group>";
		};
		343DC2E02C89AA4400BCCF39 = {
			isa = PBXGroup;
			children = (
				343DC2EB2C89AA4400BCCF39 /* DBZApp */,
				343DC2EA2C89AA4400BCCF39 /* Products */,
			);
			sourceTree = "<group>";
		};
		343DC2EA2C89AA4400BCCF39 /* Products */ = {
			isa = PBXGroup;
			children = (
				343DC2E92C89AA4400BCCF39 /* DBZApp.app */,
			);
			name = Products;
			sourceTree = "<group>";
		};
		343DC2EB2C89AA4400BCCF39 /* DBZApp */ = {
			isa = PBXGroup;
			children = (
				343DC2EC2C89AA4400BCCF39 /* DBZApp.swift */,
				343DC3292C8A086500BCCF39 /* Extensions */,
				34C9FB3E2C91A8A100FA0139 /* Enums */,
				343DC2FA2C89AADF00BCCF39 /* Presentation */,
				343DC2FC2C89AAF800BCCF39 /* Data */,
				343DC2FB2C89AAEB00BCCF39 /* Domain */,
				343DC3062C89B51600BCCF39 /* Resources */,
				343DC30F2C89C41F00BCCF39 /* Shared */,
				343DC2F02C89AA4500BCCF39 /* Assets.xcassets */,
				343DC2F22C89AA4500BCCF39 /* Preview Content */,
			);
			path = DBZApp;
			sourceTree = "<group>";
		};
		343DC2F22C89AA4500BCCF39 /* Preview Content */ = {
			isa = PBXGroup;
			children = (
				343DC2F32C89AA4500BCCF39 /* Preview Assets.xcassets */,
			);
			path = "Preview Content";
			sourceTree = "<group>";
		};
		343DC2FA2C89AADF00BCCF39 /* Presentation */ = {
			isa = PBXGroup;
			children = (
				345D5A972C8B534E003BA242 /* Components */,
				343DC3012C89AB2500BCCF39 /* Home */,
				34EBEE2F2CA809A7006FBCC6 /* Detail */,
			);
			path = Presentation;
			sourceTree = "<group>";
		};
		343DC2FB2C89AAEB00BCCF39 /* Domain */ = {
			isa = PBXGroup;
			children = (
				343DC2FF2C89AB1000BCCF39 /* Repository */,
				343DC2FE2C89AB0800BCCF39 /* UseCases */,
				343DC3242C89FB5000BCCF39 /* Mocks */,
				343DC2FD2C89AB0100BCCF39 /* Model */,
			);
			path = Domain;
			sourceTree = "<group>";
		};
		343DC2FC2C89AAF800BCCF39 /* Data */ = {
			isa = PBXGroup;
			children = (
				343DC3002C89AB1A00BCCF39 /* DataSource */,
			);
			path = Data;
			sourceTree = "<group>";
		};
		343DC2FD2C89AB0100BCCF39 /* Model */ = {
			isa = PBXGroup;
			children = (
				343DC3042C89AFE600BCCF39 /* Character.swift */,
				343F837E2C8EFC9A0053CBA4 /* Filter.swift */,
				348C76752CA050CC00235D7F /* FavoritesContainer.xcdatamodeld */,
				342D19812CB29C34006603DE /* DetailedCharacter.swift */,
			);
			path = Model;
			sourceTree = "<group>";
		};
		343DC2FE2C89AB0800BCCF39 /* UseCases */ = {
			isa = PBXGroup;
			children = (
				34C9FB382C91A17F00FA0139 /* Character */,
				3448DE8C2CB2A49E004AE3EE /* DetailCharacter */,
				348C767F2CA05FC100235D7F /* Favorite */,
				34C9FB392C91A18A00FA0139 /* Filter */,
				34BF19A82C95D92D00A6B55A /* Sort */,
			);
			path = UseCases;
			sourceTree = "<group>";
		};
		343DC2FF2C89AB1000BCCF39 /* Repository */ = {
			isa = PBXGroup;
			children = (
				343F83822C8F41100053CBA4 /* Character */,
				342D19872CB2A2CE006603DE /* DetailCharacter */,
				348C767A2CA05E8800235D7F /* Favorite */,
				34C9FB332C919F2700FA0139 /* Filter */,
			);
			path = Repository;
			sourceTree = "<group>";
		};
		343DC3002C89AB1A00BCCF39 /* DataSource */ = {
			isa = PBXGroup;
			children = (
				343DC3092C89BE7800BCCF39 /* CharacterDataSourceProtocol.swift */,
				342D19832CB29FD7006603DE /* DetailCharacterDataSourceProtocol.swift */,
				348C76782CA0525100235D7F /* FavoritesDataSource.swift */,
				343DC30B2C89BFC100BCCF39 /* LocalCharacterDataSource.swift */,
				343DC30D2C89BFD500BCCF39 /* NetworkCharacterDataSource.swift */,
				342D19852CB2A045006603DE /* NetworkDetailCharacterDataSource.swift */,
			);
			path = DataSource;
			sourceTree = "<group>";
		};
		343DC3012C89AB2500BCCF39 /* Home */ = {
			isa = PBXGroup;
			children = (
				343DC3032C89AB3000BCCF39 /* ViewModel */,
				343DC3022C89AB2B00BCCF39 /* View */,
			);
			path = Home;
			sourceTree = "<group>";
		};
		343DC3022C89AB2B00BCCF39 /* View */ = {
			isa = PBXGroup;
			children = (
				343DC3222C89F97300BCCF39 /* HomeView.swift */,
			);
			path = View;
			sourceTree = "<group>";
		};
		343DC3032C89AB3000BCCF39 /* ViewModel */ = {
			isa = PBXGroup;
			children = (
				343DC3202C89CDC100BCCF39 /* HomeViewModel.swift */,
			);
			path = ViewModel;
			sourceTree = "<group>";
		};
		343DC3062C89B51600BCCF39 /* Resources */ = {
			isa = PBXGroup;
			children = (
				343DC3072C89B52B00BCCF39 /* localDatabase.json */,
			);
			path = Resources;
			sourceTree = "<group>";
		};
		343DC30F2C89C41F00BCCF39 /* Shared */ = {
			isa = PBXGroup;
			children = (
				343DC3102C89C43900BCCF39 /* DataService.swift */,
				343DC32A2C8A088800BCCF39 /* DeveloperPreview.swift */,
				34DCBDD42C96F82E005DEDAA /* ImageLoaderView.swift */,
				34DCBDD22C96F7D4005DEDAA /* KingfisherImageLoader.swift */,
			);
			path = Shared;
			sourceTree = "<group>";
		};
		343DC3242C89FB5000BCCF39 /* Mocks */ = {
			isa = PBXGroup;
			children = (
				343DC3252C89FB7400BCCF39 /* MockGetLocalCharactersUseCase.swift */,
				343DC3272C89FCA500BCCF39 /* MockFetchCharactersFromAPIUseCase.swift */,
			);
			path = Mocks;
			sourceTree = "<group>";
		};
		343DC3292C8A086500BCCF39 /* Extensions */ = {
			isa = PBXGroup;
			children = (
				345D5A9A2C8B5507003BA242 /* UIApplication.swift */,
			);
			path = Extensions;
			sourceTree = "<group>";
		};
		343F83822C8F41100053CBA4 /* Character */ = {
			isa = PBXGroup;
			children = (
				343DC3122C89C87400BCCF39 /* CharacterRepositoryProtocol.swift */,
				343DC3142C89C95300BCCF39 /* CharacterRepositoryImpl.swift */,
			);
			path = Character;
			sourceTree = "<group>";
		};
		3448DE8C2CB2A49E004AE3EE /* DetailCharacter */ = {
			isa = PBXGroup;
			children = (
				3448DE8D2CB2A4C7004AE3EE /* FetchDetailCharacterUseCaseProtocol.swift */,
				3448DE8F2CB2A4FA004AE3EE /* FetchDetailCharacterUseCaseImpl.swift */,
			);
			path = DetailCharacter;
			sourceTree = "<group>";
		};
		345D5A972C8B534E003BA242 /* Components */ = {
			isa = PBXGroup;
			children = (
				34C4BDD22CB1890200C5060C /* ExpandableText.swift */,
				34C5E2CF2C98920800A1AC41 /* ImageBlueCircle.swift */,
				3428790C2C99E5A5002AF7A5 /* ImageOrangeCircle.swift */,
				34C4BDD92CB1979700C5060C /* InteractiveCard.swift */,
				34EBEE362CA80CB3006FBCC6 /* HomeSubviews */,
				34EBEE372CA80CBC006FBCC6 /* DetailSubviews */,
			);
			path = Components;
			sourceTree = "<group>";
		};
		348C767A2CA05E8800235D7F /* Favorite */ = {
			isa = PBXGroup;
			children = (
				348C767B2CA05EA800235D7F /* FavoritesRepositoryProtocol.swift */,
				348C767D2CA05ECD00235D7F /* FavoritesRepositoryImpl.swift */,
			);
			path = Favorite;
			sourceTree = "<group>";
		};
		348C767F2CA05FC100235D7F /* Favorite */ = {
			isa = PBXGroup;
			children = (
				348C76802CA0601C00235D7F /* FavoritesUseCaseProtocol.swift */,
				348C76822CA0603100235D7F /* FavoritesUseCaseImpl.swift */,
			);
			path = Favorite;
			sourceTree = "<group>";
		};
		34BF19A82C95D92D00A6B55A /* Sort */ = {
			isa = PBXGroup;
			children = (
				34BF19A92C95D95100A6B55A /* SortCharactersUsecaseProtocol.swift */,
				34BF19AB2C95D96F00A6B55A /* SortCharactersUseCaseImpl.swift */,
			);
			path = Sort;
			sourceTree = "<group>";
		};
		34C9FB332C919F2700FA0139 /* Filter */ = {
			isa = PBXGroup;
			children = (
				34C9FB342C919FAF00FA0139 /* FilterRepositoryProtocol.swift */,
				34C9FB362C91A03200FA0139 /* FilterRepositoryImpl.swift */,
			);
			path = Filter;
			sourceTree = "<group>";
		};
		34C9FB382C91A17F00FA0139 /* Character */ = {
			isa = PBXGroup;
			children = (
				343DC3182C89CC7A00BCCF39 /* GetLocalCharactersUseCaseProtocol.swift */,
				343DC31C2C89CCC300BCCF39 /* GetLocalCharactersUseCaseImpl.swift */,
				343DC31A2C89CC9900BCCF39 /* FetchCharactersFromAPIUseCaseProtocol.swift */,
				343DC31E2C89CCF200BCCF39 /* FetchCharactersFromAPIUseCaseImpl.swift */,
			);
			path = Character;
			sourceTree = "<group>";
		};
		34C9FB392C91A18A00FA0139 /* Filter */ = {
			isa = PBXGroup;
			children = (
				34C9FB3A2C91A1AD00FA0139 /* GetFiltersUseCaseProtocol.swift */,
				34C9FB3C2C91A1C600FA0139 /* GetFiltersUseCaseImpl.swift */,
			);
			path = Filter;
			sourceTree = "<group>";
		};
		34C9FB3E2C91A8A100FA0139 /* Enums */ = {
			isa = PBXGroup;
			children = (
				343DC3162C89CC3C00BCCF39 /* UseCaseError.swift */,
				34C9FB3F2C91A8C300FA0139 /* FilterOption.swift */,
				34BF19A62C95D81700A6B55A /* SortOption.swift */,
			);
			path = Enums;
			sourceTree = "<group>";
		};
		34EBEE2F2CA809A7006FBCC6 /* Detail */ = {
			isa = PBXGroup;
			children = (
				34EBEE302CA809C0006FBCC6 /* ViewModel */,
				34EBEE312CA809C6006FBCC6 /* View */,
			);
			path = Detail;
			sourceTree = "<group>";
		};
		34EBEE302CA809C0006FBCC6 /* ViewModel */ = {
			isa = PBXGroup;
			children = (
				3448DE912CB2A7FF004AE3EE /* DetailViewModel.swift */,
			);
			path = ViewModel;
			sourceTree = "<group>";
		};
		34EBEE312CA809C6006FBCC6 /* View */ = {
			isa = PBXGroup;
			children = (
				34EBEE322CA809DB006FBCC6 /* DetailView.swift */,
			);
			path = View;
			sourceTree = "<group>";
		};
		34EBEE362CA80CB3006FBCC6 /* HomeSubviews */ = {
			isa = PBXGroup;
			children = (
				34ECF97D2C9F076F00ADFDF8 /* DatabaseCardView.swift */,
				345D5A9C2C8B5F11003BA242 /* FilterCell.swift */,
				3452BED92C90BA3F00E32517 /* FiltersBarView.swift */,
				342373E82C93493800046832 /* FiltersSheet.swift */,
				34BF19A42C95D14C00A6B55A /* NoResultsView.swift */,
				345D5A982C8B5375003BA242 /* SearchBarView.swift */,
				34BF19AD2C95E04A00A6B55A /* SortMenu.swift */,
				34C5E2D12C98945600A1AC41 /* TitleHeader.swift */,
			);
			path = HomeSubviews;
			sourceTree = "<group>";
		};
		34EBEE372CA80CBC006FBCC6 /* DetailSubviews */ = {
			isa = PBXGroup;
			children = (
				34EBEE382CA8150B006FBCC6 /* DetailHeaderBar.swift */,
				34EBEE342CA80C5B006FBCC6 /* DetailImageTopCell.swift */,
				34A704F22CB030DD00CCE7B5 /* DetailInfoSection.swift */,
				34C4BDD72CB192AA00C5060C /* DetailBottomButtons.swift */,
			);
			path = DetailSubviews;
			sourceTree = "<group>";
		};
/* End PBXGroup section */

/* Begin PBXNativeTarget section */
		343DC2E82C89AA4400BCCF39 /* DBZApp */ = {
			isa = PBXNativeTarget;
			buildConfigurationList = 343DC2F72C89AA4500BCCF39 /* Build configuration list for PBXNativeTarget "DBZApp" */;
			buildPhases = (
				343DC2E52C89AA4400BCCF39 /* Sources */,
				343DC2E62C89AA4400BCCF39 /* Frameworks */,
				343DC2E72C89AA4400BCCF39 /* Resources */,
			);
			buildRules = (
			);
			dependencies = (
			);
			name = DBZApp;
			packageProductDependencies = (
				348F0C3B2C94816400A7736A /* SwiftfulRouting */,
				34DCBDD02C96F758005DEDAA /* Kingfisher */,
				3428790A2C99E256002AF7A5 /* SwiftfulUI */,
			);
			productName = DBZApp;
			productReference = 343DC2E92C89AA4400BCCF39 /* DBZApp.app */;
			productType = "com.apple.product-type.application";
		};
/* End PBXNativeTarget section */

/* Begin PBXProject section */
		343DC2E12C89AA4400BCCF39 /* Project object */ = {
			isa = PBXProject;
			attributes = {
				BuildIndependentTargetsInParallel = 1;
				LastSwiftUpdateCheck = 1540;
				LastUpgradeCheck = 1540;
				TargetAttributes = {
					343DC2E82C89AA4400BCCF39 = {
						CreatedOnToolsVersion = 15.4;
					};
				};
			};
			buildConfigurationList = 343DC2E42C89AA4400BCCF39 /* Build configuration list for PBXProject "DBZApp" */;
			compatibilityVersion = "Xcode 14.0";
			developmentRegion = en;
			hasScannedForEncodings = 0;
			knownRegions = (
				en,
				Base,
			);
			mainGroup = 343DC2E02C89AA4400BCCF39;
			packageReferences = (
				348F0C3A2C94816400A7736A /* XCRemoteSwiftPackageReference "SwiftfulRouting" */,
				34DCBDCF2C96F758005DEDAA /* XCRemoteSwiftPackageReference "Kingfisher" */,
				342879092C99E256002AF7A5 /* XCRemoteSwiftPackageReference "SwiftfulUI" */,
			);
			productRefGroup = 343DC2EA2C89AA4400BCCF39 /* Products */;
			projectDirPath = "";
			projectRoot = "";
			targets = (
				343DC2E82C89AA4400BCCF39 /* DBZApp */,
			);
		};
/* End PBXProject section */

/* Begin PBXResourcesBuildPhase section */
		343DC2E72C89AA4400BCCF39 /* Resources */ = {
			isa = PBXResourcesBuildPhase;
			buildActionMask = 2147483647;
			files = (
				343DC3082C89B52B00BCCF39 /* localDatabase.json in Resources */,
				343DC2F42C89AA4500BCCF39 /* Preview Assets.xcassets in Resources */,
				343DC2F12C89AA4500BCCF39 /* Assets.xcassets in Resources */,
			);
			runOnlyForDeploymentPostprocessing = 0;
		};
/* End PBXResourcesBuildPhase section */

/* Begin PBXSourcesBuildPhase section */
		343DC2E52C89AA4400BCCF39 /* Sources */ = {
			isa = PBXSourcesBuildPhase;
			buildActionMask = 2147483647;
			files = (
				34A704F32CB030DD00CCE7B5 /* DetailInfoSection.swift in Sources */,
				34BF19AE2C95E04A00A6B55A /* SortMenu.swift in Sources */,
				348C76812CA0601C00235D7F /* FavoritesUseCaseProtocol.swift in Sources */,
				3452BEDA2C90BA3F00E32517 /* FiltersBarView.swift in Sources */,
				343DC30A2C89BE7900BCCF39 /* CharacterDataSourceProtocol.swift in Sources */,
				343DC3282C89FCA500BCCF39 /* MockFetchCharactersFromAPIUseCase.swift in Sources */,
				342D198B2CB2A348006603DE /* DetailCharacterRepositoryImpl.swift in Sources */,
				34EBEE392CA8150B006FBCC6 /* DetailHeaderBar.swift in Sources */,
				342D19892CB2A2F9006603DE /* DetailCharacterRepositoryProtocol.swift in Sources */,
				34C9FB3D2C91A1C600FA0139 /* GetFiltersUseCaseImpl.swift in Sources */,
				343DC31F2C89CCF200BCCF39 /* FetchCharactersFromAPIUseCaseImpl.swift in Sources */,
				343DC31D2C89CCC300BCCF39 /* GetLocalCharactersUseCaseImpl.swift in Sources */,
				343DC3132C89C87400BCCF39 /* CharacterRepositoryProtocol.swift in Sources */,
				343DC3192C89CC7A00BCCF39 /* GetLocalCharactersUseCaseProtocol.swift in Sources */,
				343DC3112C89C43900BCCF39 /* DataService.swift in Sources */,
				34BF19AA2C95D95100A6B55A /* SortCharactersUsecaseProtocol.swift in Sources */,
				348C76772CA050CC00235D7F /* FavoritesContainer.xcdatamodeld in Sources */,
				345D5A9D2C8B5F11003BA242 /* FilterCell.swift in Sources */,
				3448DE922CB2A7FF004AE3EE /* DetailViewModel.swift in Sources */,
				34C9FB352C919FAF00FA0139 /* FilterRepositoryProtocol.swift in Sources */,
				342373E92C93493800046832 /* FiltersSheet.swift in Sources */,
				34DCBDD52C96F82E005DEDAA /* ImageLoaderView.swift in Sources */,
				3448DE902CB2A4FA004AE3EE /* FetchDetailCharacterUseCaseImpl.swift in Sources */,
				34BF19A52C95D14C00A6B55A /* NoResultsView.swift in Sources */,
				343DC32B2C8A088800BCCF39 /* DeveloperPreview.swift in Sources */,
				345D5A9B2C8B5507003BA242 /* UIApplication.swift in Sources */,
				34C5E2D02C98920800A1AC41 /* ImageBlueCircle.swift in Sources */,
				34C4BDD32CB1890200C5060C /* ExpandableText.swift in Sources */,
				343DC3052C89AFE600BCCF39 /* Character.swift in Sources */,
				348C767E2CA05ECD00235D7F /* FavoritesRepositoryImpl.swift in Sources */,
				343DC3172C89CC3C00BCCF39 /* UseCaseError.swift in Sources */,
				348C76792CA0525100235D7F /* FavoritesDataSource.swift in Sources */,
				34BF19A72C95D81700A6B55A /* SortOption.swift in Sources */,
				343DC3262C89FB7400BCCF39 /* MockGetLocalCharactersUseCase.swift in Sources */,
				343F837F2C8EFC9A0053CBA4 /* Filter.swift in Sources */,
				34C4BDDA2CB1979700C5060C /* InteractiveCard.swift in Sources */,
				342D19842CB29FD7006603DE /* DetailCharacterDataSourceProtocol.swift in Sources */,
				34EBEE332CA809DB006FBCC6 /* DetailView.swift in Sources */,
				34EBEE352CA80C5B006FBCC6 /* DetailImageTopCell.swift in Sources */,
				343DC31B2C89CC9900BCCF39 /* FetchCharactersFromAPIUseCaseProtocol.swift in Sources */,
				34C9FB372C91A03200FA0139 /* FilterRepositoryImpl.swift in Sources */,
				34C9FB3B2C91A1AD00FA0139 /* GetFiltersUseCaseProtocol.swift in Sources */,
				342D19862CB2A045006603DE /* NetworkDetailCharacterDataSource.swift in Sources */,
				34ECF97E2C9F076F00ADFDF8 /* DatabaseCardView.swift in Sources */,
				34C9FB402C91A8C300FA0139 /* FilterOption.swift in Sources */,
				345D5A992C8B5375003BA242 /* SearchBarView.swift in Sources */,
				34BF19AC2C95D96F00A6B55A /* SortCharactersUseCaseImpl.swift in Sources */,
				342D19822CB29C34006603DE /* DetailedCharacter.swift in Sources */,
				348C76832CA0603100235D7F /* FavoritesUseCaseImpl.swift in Sources */,
				343DC30C2C89BFC100BCCF39 /* LocalCharacterDataSource.swift in Sources */,
				3428790D2C99E5A5002AF7A5 /* ImageOrangeCircle.swift in Sources */,
				343DC30E2C89BFD500BCCF39 /* NetworkCharacterDataSource.swift in Sources */,
				343DC3152C89C95300BCCF39 /* CharacterRepositoryImpl.swift in Sources */,
				343DC3232C89F97300BCCF39 /* HomeView.swift in Sources */,
				348C767C2CA05EA800235D7F /* FavoritesRepositoryProtocol.swift in Sources */,
				34C4BDD82CB192AA00C5060C /* DetailBottomButtons.swift in Sources */,
				343DC3212C89CDC100BCCF39 /* HomeViewModel.swift in Sources */,
				34C5E2D22C98945600A1AC41 /* TitleHeader.swift in Sources */,
				3448DE8E2CB2A4C7004AE3EE /* FetchDetailCharacterUseCaseProtocol.swift in Sources */,
				34DCBDD32C96F7D4005DEDAA /* KingfisherImageLoader.swift in Sources */,
				343DC2ED2C89AA4400BCCF39 /* DBZApp.swift in Sources */,
			);
			runOnlyForDeploymentPostprocessing = 0;
		};
/* End PBXSourcesBuildPhase section */

/* Begin XCBuildConfiguration section */
		343DC2F52C89AA4500BCCF39 /* Debug */ = {
			isa = XCBuildConfiguration;
			buildSettings = {
				ALWAYS_SEARCH_USER_PATHS = NO;
				ASSETCATALOG_COMPILER_GENERATE_SWIFT_ASSET_SYMBOL_EXTENSIONS = YES;
				CLANG_ANALYZER_NONNULL = YES;
				CLANG_ANALYZER_NUMBER_OBJECT_CONVERSION = YES_AGGRESSIVE;
				CLANG_CXX_LANGUAGE_STANDARD = "gnu++20";
				CLANG_ENABLE_MODULES = YES;
				CLANG_ENABLE_OBJC_ARC = YES;
				CLANG_ENABLE_OBJC_WEAK = YES;
				CLANG_WARN_BLOCK_CAPTURE_AUTORELEASING = YES;
				CLANG_WARN_BOOL_CONVERSION = YES;
				CLANG_WARN_COMMA = YES;
				CLANG_WARN_CONSTANT_CONVERSION = YES;
				CLANG_WARN_DEPRECATED_OBJC_IMPLEMENTATIONS = YES;
				CLANG_WARN_DIRECT_OBJC_ISA_USAGE = YES_ERROR;
				CLANG_WARN_DOCUMENTATION_COMMENTS = YES;
				CLANG_WARN_EMPTY_BODY = YES;
				CLANG_WARN_ENUM_CONVERSION = YES;
				CLANG_WARN_INFINITE_RECURSION = YES;
				CLANG_WARN_INT_CONVERSION = YES;
				CLANG_WARN_NON_LITERAL_NULL_CONVERSION = YES;
				CLANG_WARN_OBJC_IMPLICIT_RETAIN_SELF = YES;
				CLANG_WARN_OBJC_LITERAL_CONVERSION = YES;
				CLANG_WARN_OBJC_ROOT_CLASS = YES_ERROR;
				CLANG_WARN_QUOTED_INCLUDE_IN_FRAMEWORK_HEADER = YES;
				CLANG_WARN_RANGE_LOOP_ANALYSIS = YES;
				CLANG_WARN_STRICT_PROTOTYPES = YES;
				CLANG_WARN_SUSPICIOUS_MOVE = YES;
				CLANG_WARN_UNGUARDED_AVAILABILITY = YES_AGGRESSIVE;
				CLANG_WARN_UNREACHABLE_CODE = YES;
				CLANG_WARN__DUPLICATE_METHOD_MATCH = YES;
				COPY_PHASE_STRIP = NO;
				DEBUG_INFORMATION_FORMAT = dwarf;
				ENABLE_STRICT_OBJC_MSGSEND = YES;
				ENABLE_TESTABILITY = YES;
				ENABLE_USER_SCRIPT_SANDBOXING = YES;
				GCC_C_LANGUAGE_STANDARD = gnu17;
				GCC_DYNAMIC_NO_PIC = NO;
				GCC_NO_COMMON_BLOCKS = YES;
				GCC_OPTIMIZATION_LEVEL = 0;
				GCC_PREPROCESSOR_DEFINITIONS = (
					"DEBUG=1",
					"$(inherited)",
				);
				GCC_WARN_64_TO_32_BIT_CONVERSION = YES;
				GCC_WARN_ABOUT_RETURN_TYPE = YES_ERROR;
				GCC_WARN_UNDECLARED_SELECTOR = YES;
				GCC_WARN_UNINITIALIZED_AUTOS = YES_AGGRESSIVE;
				GCC_WARN_UNUSED_FUNCTION = YES;
				GCC_WARN_UNUSED_VARIABLE = YES;
				IPHONEOS_DEPLOYMENT_TARGET = 17.5;
				LOCALIZATION_PREFERS_STRING_CATALOGS = YES;
				MTL_ENABLE_DEBUG_INFO = INCLUDE_SOURCE;
				MTL_FAST_MATH = YES;
				ONLY_ACTIVE_ARCH = YES;
				SDKROOT = iphoneos;
				SWIFT_ACTIVE_COMPILATION_CONDITIONS = "DEBUG $(inherited)";
				SWIFT_OPTIMIZATION_LEVEL = "-Onone";
			};
			name = Debug;
		};
		343DC2F62C89AA4500BCCF39 /* Release */ = {
			isa = XCBuildConfiguration;
			buildSettings = {
				ALWAYS_SEARCH_USER_PATHS = NO;
				ASSETCATALOG_COMPILER_GENERATE_SWIFT_ASSET_SYMBOL_EXTENSIONS = YES;
				CLANG_ANALYZER_NONNULL = YES;
				CLANG_ANALYZER_NUMBER_OBJECT_CONVERSION = YES_AGGRESSIVE;
				CLANG_CXX_LANGUAGE_STANDARD = "gnu++20";
				CLANG_ENABLE_MODULES = YES;
				CLANG_ENABLE_OBJC_ARC = YES;
				CLANG_ENABLE_OBJC_WEAK = YES;
				CLANG_WARN_BLOCK_CAPTURE_AUTORELEASING = YES;
				CLANG_WARN_BOOL_CONVERSION = YES;
				CLANG_WARN_COMMA = YES;
				CLANG_WARN_CONSTANT_CONVERSION = YES;
				CLANG_WARN_DEPRECATED_OBJC_IMPLEMENTATIONS = YES;
				CLANG_WARN_DIRECT_OBJC_ISA_USAGE = YES_ERROR;
				CLANG_WARN_DOCUMENTATION_COMMENTS = YES;
				CLANG_WARN_EMPTY_BODY = YES;
				CLANG_WARN_ENUM_CONVERSION = YES;
				CLANG_WARN_INFINITE_RECURSION = YES;
				CLANG_WARN_INT_CONVERSION = YES;
				CLANG_WARN_NON_LITERAL_NULL_CONVERSION = YES;
				CLANG_WARN_OBJC_IMPLICIT_RETAIN_SELF = YES;
				CLANG_WARN_OBJC_LITERAL_CONVERSION = YES;
				CLANG_WARN_OBJC_ROOT_CLASS = YES_ERROR;
				CLANG_WARN_QUOTED_INCLUDE_IN_FRAMEWORK_HEADER = YES;
				CLANG_WARN_RANGE_LOOP_ANALYSIS = YES;
				CLANG_WARN_STRICT_PROTOTYPES = YES;
				CLANG_WARN_SUSPICIOUS_MOVE = YES;
				CLANG_WARN_UNGUARDED_AVAILABILITY = YES_AGGRESSIVE;
				CLANG_WARN_UNREACHABLE_CODE = YES;
				CLANG_WARN__DUPLICATE_METHOD_MATCH = YES;
				COPY_PHASE_STRIP = NO;
				DEBUG_INFORMATION_FORMAT = "dwarf-with-dsym";
				ENABLE_NS_ASSERTIONS = NO;
				ENABLE_STRICT_OBJC_MSGSEND = YES;
				ENABLE_USER_SCRIPT_SANDBOXING = YES;
				GCC_C_LANGUAGE_STANDARD = gnu17;
				GCC_NO_COMMON_BLOCKS = YES;
				GCC_WARN_64_TO_32_BIT_CONVERSION = YES;
				GCC_WARN_ABOUT_RETURN_TYPE = YES_ERROR;
				GCC_WARN_UNDECLARED_SELECTOR = YES;
				GCC_WARN_UNINITIALIZED_AUTOS = YES_AGGRESSIVE;
				GCC_WARN_UNUSED_FUNCTION = YES;
				GCC_WARN_UNUSED_VARIABLE = YES;
				IPHONEOS_DEPLOYMENT_TARGET = 17.5;
				LOCALIZATION_PREFERS_STRING_CATALOGS = YES;
				MTL_ENABLE_DEBUG_INFO = NO;
				MTL_FAST_MATH = YES;
				SDKROOT = iphoneos;
				SWIFT_COMPILATION_MODE = wholemodule;
				VALIDATE_PRODUCT = YES;
			};
			name = Release;
		};
		343DC2F82C89AA4500BCCF39 /* Debug */ = {
			isa = XCBuildConfiguration;
			buildSettings = {
				ASSETCATALOG_COMPILER_APPICON_NAME = AppIcon;
				ASSETCATALOG_COMPILER_GLOBAL_ACCENT_COLOR_NAME = AccentColor;
				CODE_SIGN_STYLE = Automatic;
				CURRENT_PROJECT_VERSION = 1;
				DEVELOPMENT_ASSET_PATHS = "\"DBZApp/Preview Content\"";
				DEVELOPMENT_TEAM = 4XAMG487KR;
				ENABLE_PREVIEWS = YES;
				GENERATE_INFOPLIST_FILE = YES;
				INFOPLIST_KEY_UIApplicationSceneManifest_Generation = YES;
				INFOPLIST_KEY_UIApplicationSupportsIndirectInputEvents = YES;
				INFOPLIST_KEY_UILaunchScreen_Generation = YES;
				INFOPLIST_KEY_UISupportedInterfaceOrientations = UIInterfaceOrientationPortrait;
				LD_RUNPATH_SEARCH_PATHS = (
					"$(inherited)",
					"@executable_path/Frameworks",
				);
				MARKETING_VERSION = 1.0;
				PRODUCT_BUNDLE_IDENTIFIER = com.quarantasis.DBZApp;
				PRODUCT_NAME = "$(TARGET_NAME)";
				SWIFT_EMIT_LOC_STRINGS = YES;
				SWIFT_VERSION = 5.0;
				TARGETED_DEVICE_FAMILY = "1,2";
			};
			name = Debug;
		};
		343DC2F92C89AA4500BCCF39 /* Release */ = {
			isa = XCBuildConfiguration;
			buildSettings = {
				ASSETCATALOG_COMPILER_APPICON_NAME = AppIcon;
				ASSETCATALOG_COMPILER_GLOBAL_ACCENT_COLOR_NAME = AccentColor;
				CODE_SIGN_STYLE = Automatic;
				CURRENT_PROJECT_VERSION = 1;
				DEVELOPMENT_ASSET_PATHS = "\"DBZApp/Preview Content\"";
				DEVELOPMENT_TEAM = 4XAMG487KR;
				ENABLE_PREVIEWS = YES;
				GENERATE_INFOPLIST_FILE = YES;
				INFOPLIST_KEY_UIApplicationSceneManifest_Generation = YES;
				INFOPLIST_KEY_UIApplicationSupportsIndirectInputEvents = YES;
				INFOPLIST_KEY_UILaunchScreen_Generation = YES;
				INFOPLIST_KEY_UISupportedInterfaceOrientations = UIInterfaceOrientationPortrait;
				LD_RUNPATH_SEARCH_PATHS = (
					"$(inherited)",
					"@executable_path/Frameworks",
				);
				MARKETING_VERSION = 1.0;
				PRODUCT_BUNDLE_IDENTIFIER = com.quarantasis.DBZApp;
				PRODUCT_NAME = "$(TARGET_NAME)";
				SWIFT_EMIT_LOC_STRINGS = YES;
				SWIFT_VERSION = 5.0;
				TARGETED_DEVICE_FAMILY = "1,2";
			};
			name = Release;
		};
/* End XCBuildConfiguration section */

/* Begin XCConfigurationList section */
		343DC2E42C89AA4400BCCF39 /* Build configuration list for PBXProject "DBZApp" */ = {
			isa = XCConfigurationList;
			buildConfigurations = (
				343DC2F52C89AA4500BCCF39 /* Debug */,
				343DC2F62C89AA4500BCCF39 /* Release */,
			);
			defaultConfigurationIsVisible = 0;
			defaultConfigurationName = Release;
		};
		343DC2F72C89AA4500BCCF39 /* Build configuration list for PBXNativeTarget "DBZApp" */ = {
			isa = XCConfigurationList;
			buildConfigurations = (
				343DC2F82C89AA4500BCCF39 /* Debug */,
				343DC2F92C89AA4500BCCF39 /* Release */,
			);
			defaultConfigurationIsVisible = 0;
			defaultConfigurationName = Release;
		};
/* End XCConfigurationList section */

/* Begin XCRemoteSwiftPackageReference section */
		342879092C99E256002AF7A5 /* XCRemoteSwiftPackageReference "SwiftfulUI" */ = {
			isa = XCRemoteSwiftPackageReference;
			repositoryURL = "https://github.com/SwiftfulThinking/SwiftfulUI.git";
			requirement = {
				kind = upToNextMajorVersion;
				minimumVersion = 1.2.0;
			};
		};
		348F0C3A2C94816400A7736A /* XCRemoteSwiftPackageReference "SwiftfulRouting" */ = {
			isa = XCRemoteSwiftPackageReference;
			repositoryURL = "https://github.com/SwiftfulThinking/SwiftfulRouting.git";
			requirement = {
				kind = upToNextMajorVersion;
				minimumVersion = 5.3.6;
			};
		};
		34DCBDCF2C96F758005DEDAA /* XCRemoteSwiftPackageReference "Kingfisher" */ = {
			isa = XCRemoteSwiftPackageReference;
			repositoryURL = "https://github.com/onevcat/Kingfisher.git";
			requirement = {
				kind = upToNextMajorVersion;
				minimumVersion = 7.12.0;
			};
		};
/* End XCRemoteSwiftPackageReference section */

/* Begin XCSwiftPackageProductDependency section */
		3428790A2C99E256002AF7A5 /* SwiftfulUI */ = {
			isa = XCSwiftPackageProductDependency;
			package = 342879092C99E256002AF7A5 /* XCRemoteSwiftPackageReference "SwiftfulUI" */;
			productName = SwiftfulUI;
		};
		348F0C3B2C94816400A7736A /* SwiftfulRouting */ = {
			isa = XCSwiftPackageProductDependency;
			package = 348F0C3A2C94816400A7736A /* XCRemoteSwiftPackageReference "SwiftfulRouting" */;
			productName = SwiftfulRouting;
		};
		34DCBDD02C96F758005DEDAA /* Kingfisher */ = {
			isa = XCSwiftPackageProductDependency;
			package = 34DCBDCF2C96F758005DEDAA /* XCRemoteSwiftPackageReference "Kingfisher" */;
			productName = Kingfisher;
		};
/* End XCSwiftPackageProductDependency section */

/* Begin XCVersionGroup section */
		348C76752CA050CC00235D7F /* FavoritesContainer.xcdatamodeld */ = {
			isa = XCVersionGroup;
			children = (
				348C76762CA050CC00235D7F /* FavoritesContainer.xcdatamodel */,
			);
			currentVersion = 348C76762CA050CC00235D7F /* FavoritesContainer.xcdatamodel */;
			name = FavoritesContainer.xcdatamodeld;
			path = "/Users/oriolangelet/Desktop/Cursos/iOS - Other courses/DBZApp/DBZApp/DBZApp/Domain/Model/FavoritesContainer.xcdatamodeld";
			sourceTree = "<group>";
			versionGroupType = wrapper.xcdatamodel;
		};
/* End XCVersionGroup section */
	};
	rootObject = 343DC2E12C89AA4400BCCF39 /* Project object */;
}
