// !$*UTF8*$!
{
	archiveVersion = 1;
	classes = {
	};
	objectVersion = 56;
	objects = {

/* Begin PBXBuildFile section */
		343DC2ED2C89AA4400BCCF39 /* DBZApp.swift in Sources */ = {isa = PBXBuildFile; fileRef = 343DC2EC2C89AA4400BCCF39 /* DBZApp.swift */; };
		343DC2F12C89AA4500BCCF39 /* Assets.xcassets in Resources */ = {isa = PBXBuildFile; fileRef = 343DC2F02C89AA4500BCCF39 /* Assets.xcassets */; };
		343DC2F42C89AA4500BCCF39 /* Preview Assets.xcassets in Resources */ = {isa = PBXBuildFile; fileRef = 343DC2F32C89AA4500BCCF39 /* Preview Assets.xcassets */; };
		343DC3052C89AFE600BCCF39 /* Character.swift in Sources */ = {isa = PBXBuildFile; fileRef = 343DC3042C89AFE600BCCF39 /* Character.swift */; };
		343DC3082C89B52B00BCCF39 /* localDatabase.json in Resources */ = {isa = PBXBuildFile; fileRef = 343DC3072C89B52B00BCCF39 /* localDatabase.json */; };
		343DC30A2C89BE7900BCCF39 /* CharacterDataSource.swift in Sources */ = {isa = PBXBuildFile; fileRef = 343DC3092C89BE7800BCCF39 /* CharacterDataSource.swift */; };
		343DC30C2C89BFC100BCCF39 /* LocalCharacterDataSource.swift in Sources */ = {isa = PBXBuildFile; fileRef = 343DC30B2C89BFC100BCCF39 /* LocalCharacterDataSource.swift */; };
		343DC30E2C89BFD500BCCF39 /* NetworkCharacterDataSource.swift in Sources */ = {isa = PBXBuildFile; fileRef = 343DC30D2C89BFD500BCCF39 /* NetworkCharacterDataSource.swift */; };
		343DC3112C89C43900BCCF39 /* DataService.swift in Sources */ = {isa = PBXBuildFile; fileRef = 343DC3102C89C43900BCCF39 /* DataService.swift */; };
		343DC3132C89C87400BCCF39 /* CharacterRepository.swift in Sources */ = {isa = PBXBuildFile; fileRef = 343DC3122C89C87400BCCF39 /* CharacterRepository.swift */; };
		343DC3152C89C95300BCCF39 /* CharacterRepositoryImpl.swift in Sources */ = {isa = PBXBuildFile; fileRef = 343DC3142C89C95300BCCF39 /* CharacterRepositoryImpl.swift */; };
		343DC3172C89CC3C00BCCF39 /* UseCaseError.swift in Sources */ = {isa = PBXBuildFile; fileRef = 343DC3162C89CC3C00BCCF39 /* UseCaseError.swift */; };
		343DC3192C89CC7A00BCCF39 /* GetLocalCharactersUseCase.swift in Sources */ = {isa = PBXBuildFile; fileRef = 343DC3182C89CC7A00BCCF39 /* GetLocalCharactersUseCase.swift */; };
		343DC31B2C89CC9900BCCF39 /* FetchCharactersFromAPIUseCase.swift in Sources */ = {isa = PBXBuildFile; fileRef = 343DC31A2C89CC9900BCCF39 /* FetchCharactersFromAPIUseCase.swift */; };
		343DC31D2C89CCC300BCCF39 /* GetLocalCharactersUseCaseImpl.swift in Sources */ = {isa = PBXBuildFile; fileRef = 343DC31C2C89CCC300BCCF39 /* GetLocalCharactersUseCaseImpl.swift */; };
		343DC31F2C89CCF200BCCF39 /* FetchCharactersFromAPIUseCaseImpl.swift in Sources */ = {isa = PBXBuildFile; fileRef = 343DC31E2C89CCF200BCCF39 /* FetchCharactersFromAPIUseCaseImpl.swift */; };
		343DC3212C89CDC100BCCF39 /* HomeViewModel.swift in Sources */ = {isa = PBXBuildFile; fileRef = 343DC3202C89CDC100BCCF39 /* HomeViewModel.swift */; };
		343DC3232C89F97300BCCF39 /* HomeView.swift in Sources */ = {isa = PBXBuildFile; fileRef = 343DC3222C89F97300BCCF39 /* HomeView.swift */; };
		343DC3262C89FB7400BCCF39 /* MockGetLocalCharactersUseCase.swift in Sources */ = {isa = PBXBuildFile; fileRef = 343DC3252C89FB7400BCCF39 /* MockGetLocalCharactersUseCase.swift */; };
		343DC3282C89FCA500BCCF39 /* MockFetchCharactersFromAPIUseCase.swift in Sources */ = {isa = PBXBuildFile; fileRef = 343DC3272C89FCA500BCCF39 /* MockFetchCharactersFromAPIUseCase.swift */; };
		343DC32B2C8A088800BCCF39 /* DeveloperPreview.swift in Sources */ = {isa = PBXBuildFile; fileRef = 343DC32A2C8A088800BCCF39 /* DeveloperPreview.swift */; };
		345D5A992C8B5375003BA242 /* SearchBarView.swift in Sources */ = {isa = PBXBuildFile; fileRef = 345D5A982C8B5375003BA242 /* SearchBarView.swift */; };
		345D5A9B2C8B5507003BA242 /* UIApplication.swift in Sources */ = {isa = PBXBuildFile; fileRef = 345D5A9A2C8B5507003BA242 /* UIApplication.swift */; };
/* End PBXBuildFile section */

/* Begin PBXFileReference section */
		343DC2E92C89AA4400BCCF39 /* DBZApp.app */ = {isa = PBXFileReference; explicitFileType = wrapper.application; includeInIndex = 0; path = DBZApp.app; sourceTree = BUILT_PRODUCTS_DIR; };
		343DC2EC2C89AA4400BCCF39 /* DBZApp.swift */ = {isa = PBXFileReference; lastKnownFileType = sourcecode.swift; path = DBZApp.swift; sourceTree = "<group>"; };
		343DC2F02C89AA4500BCCF39 /* Assets.xcassets */ = {isa = PBXFileReference; lastKnownFileType = folder.assetcatalog; path = Assets.xcassets; sourceTree = "<group>"; };
		343DC2F32C89AA4500BCCF39 /* Preview Assets.xcassets */ = {isa = PBXFileReference; lastKnownFileType = folder.assetcatalog; path = "Preview Assets.xcassets"; sourceTree = "<group>"; };
		343DC3042C89AFE600BCCF39 /* Character.swift */ = {isa = PBXFileReference; lastKnownFileType = sourcecode.swift; path = Character.swift; sourceTree = "<group>"; };
		343DC3072C89B52B00BCCF39 /* localDatabase.json */ = {isa = PBXFileReference; fileEncoding = 4; lastKnownFileType = text.json; path = localDatabase.json; sourceTree = "<group>"; };
		343DC3092C89BE7800BCCF39 /* CharacterDataSource.swift */ = {isa = PBXFileReference; lastKnownFileType = sourcecode.swift; path = CharacterDataSource.swift; sourceTree = "<group>"; };
		343DC30B2C89BFC100BCCF39 /* LocalCharacterDataSource.swift */ = {isa = PBXFileReference; lastKnownFileType = sourcecode.swift; path = LocalCharacterDataSource.swift; sourceTree = "<group>"; };
		343DC30D2C89BFD500BCCF39 /* NetworkCharacterDataSource.swift */ = {isa = PBXFileReference; lastKnownFileType = sourcecode.swift; path = NetworkCharacterDataSource.swift; sourceTree = "<group>"; };
		343DC3102C89C43900BCCF39 /* DataService.swift */ = {isa = PBXFileReference; lastKnownFileType = sourcecode.swift; path = DataService.swift; sourceTree = "<group>"; };
		343DC3122C89C87400BCCF39 /* CharacterRepository.swift */ = {isa = PBXFileReference; lastKnownFileType = sourcecode.swift; path = CharacterRepository.swift; sourceTree = "<group>"; };
		343DC3142C89C95300BCCF39 /* CharacterRepositoryImpl.swift */ = {isa = PBXFileReference; lastKnownFileType = sourcecode.swift; path = CharacterRepositoryImpl.swift; sourceTree = "<group>"; };
		343DC3162C89CC3C00BCCF39 /* UseCaseError.swift */ = {isa = PBXFileReference; lastKnownFileType = sourcecode.swift; path = UseCaseError.swift; sourceTree = "<group>"; };
		343DC3182C89CC7A00BCCF39 /* GetLocalCharactersUseCase.swift */ = {isa = PBXFileReference; lastKnownFileType = sourcecode.swift; path = GetLocalCharactersUseCase.swift; sourceTree = "<group>"; };
		343DC31A2C89CC9900BCCF39 /* FetchCharactersFromAPIUseCase.swift */ = {isa = PBXFileReference; lastKnownFileType = sourcecode.swift; path = FetchCharactersFromAPIUseCase.swift; sourceTree = "<group>"; };
		343DC31C2C89CCC300BCCF39 /* GetLocalCharactersUseCaseImpl.swift */ = {isa = PBXFileReference; lastKnownFileType = sourcecode.swift; path = GetLocalCharactersUseCaseImpl.swift; sourceTree = "<group>"; };
		343DC31E2C89CCF200BCCF39 /* FetchCharactersFromAPIUseCaseImpl.swift */ = {isa = PBXFileReference; lastKnownFileType = sourcecode.swift; path = FetchCharactersFromAPIUseCaseImpl.swift; sourceTree = "<group>"; };
		343DC3202C89CDC100BCCF39 /* HomeViewModel.swift */ = {isa = PBXFileReference; lastKnownFileType = sourcecode.swift; path = HomeViewModel.swift; sourceTree = "<group>"; };
		343DC3222C89F97300BCCF39 /* HomeView.swift */ = {isa = PBXFileReference; lastKnownFileType = sourcecode.swift; path = HomeView.swift; sourceTree = "<group>"; };
		343DC3252C89FB7400BCCF39 /* MockGetLocalCharactersUseCase.swift */ = {isa = PBXFileReference; lastKnownFileType = sourcecode.swift; path = MockGetLocalCharactersUseCase.swift; sourceTree = "<group>"; };
		343DC3272C89FCA500BCCF39 /* MockFetchCharactersFromAPIUseCase.swift */ = {isa = PBXFileReference; lastKnownFileType = sourcecode.swift; path = MockFetchCharactersFromAPIUseCase.swift; sourceTree = "<group>"; };
		343DC32A2C8A088800BCCF39 /* DeveloperPreview.swift */ = {isa = PBXFileReference; lastKnownFileType = sourcecode.swift; path = DeveloperPreview.swift; sourceTree = "<group>"; };
		345D5A982C8B5375003BA242 /* SearchBarView.swift */ = {isa = PBXFileReference; lastKnownFileType = sourcecode.swift; path = SearchBarView.swift; sourceTree = "<group>"; };
		345D5A9A2C8B5507003BA242 /* UIApplication.swift */ = {isa = PBXFileReference; lastKnownFileType = sourcecode.swift; path = UIApplication.swift; sourceTree = "<group>"; };
/* End PBXFileReference section */

/* Begin PBXFrameworksBuildPhase section */
		343DC2E62C89AA4400BCCF39 /* Frameworks */ = {
			isa = PBXFrameworksBuildPhase;
			buildActionMask = 2147483647;
			files = (
			);
			runOnlyForDeploymentPostprocessing = 0;
		};
/* End PBXFrameworksBuildPhase section */

/* Begin PBXGroup section */
		343DC2E02C89AA4400BCCF39 = {
			isa = PBXGroup;
			children = (
				343DC2EB2C89AA4400BCCF39 /* DBZApp */,
				343DC2EA2C89AA4400BCCF39 /* Products */,
			);
			sourceTree = "<group>";
		};
		343DC2EA2C89AA4400BCCF39 /* Products */ = {
			isa = PBXGroup;
			children = (
				343DC2E92C89AA4400BCCF39 /* DBZApp.app */,
			);
			name = Products;
			sourceTree = "<group>";
		};
		343DC2EB2C89AA4400BCCF39 /* DBZApp */ = {
			isa = PBXGroup;
			children = (
				343DC2EC2C89AA4400BCCF39 /* DBZApp.swift */,
				343DC3292C8A086500BCCF39 /* Extensions */,
				343DC2FA2C89AADF00BCCF39 /* Presentation */,
				343DC2FC2C89AAF800BCCF39 /* Data */,
				343DC2FB2C89AAEB00BCCF39 /* Domain */,
				343DC3062C89B51600BCCF39 /* Resources */,
				343DC30F2C89C41F00BCCF39 /* Shared */,
				343DC2F02C89AA4500BCCF39 /* Assets.xcassets */,
				343DC2F22C89AA4500BCCF39 /* Preview Content */,
			);
			path = DBZApp;
			sourceTree = "<group>";
		};
		343DC2F22C89AA4500BCCF39 /* Preview Content */ = {
			isa = PBXGroup;
			children = (
				343DC2F32C89AA4500BCCF39 /* Preview Assets.xcassets */,
			);
			path = "Preview Content";
			sourceTree = "<group>";
		};
		343DC2FA2C89AADF00BCCF39 /* Presentation */ = {
			isa = PBXGroup;
			children = (
				345D5A972C8B534E003BA242 /* Components */,
				343DC3012C89AB2500BCCF39 /* Home */,
			);
			path = Presentation;
			sourceTree = "<group>";
		};
		343DC2FB2C89AAEB00BCCF39 /* Domain */ = {
			isa = PBXGroup;
			children = (
				343DC2FF2C89AB1000BCCF39 /* Repository */,
				343DC2FE2C89AB0800BCCF39 /* UseCases */,
				343DC3242C89FB5000BCCF39 /* Mocks */,
				343DC2FD2C89AB0100BCCF39 /* Model */,
			);
			path = Domain;
			sourceTree = "<group>";
		};
		343DC2FC2C89AAF800BCCF39 /* Data */ = {
			isa = PBXGroup;
			children = (
				343DC3002C89AB1A00BCCF39 /* DataSource */,
			);
			path = Data;
			sourceTree = "<group>";
		};
		343DC2FD2C89AB0100BCCF39 /* Model */ = {
			isa = PBXGroup;
			children = (
				343DC3042C89AFE600BCCF39 /* Character.swift */,
			);
			path = Model;
			sourceTree = "<group>";
		};
		343DC2FE2C89AB0800BCCF39 /* UseCases */ = {
			isa = PBXGroup;
			children = (
				343DC3162C89CC3C00BCCF39 /* UseCaseError.swift */,
				343DC3182C89CC7A00BCCF39 /* GetLocalCharactersUseCase.swift */,
				343DC31C2C89CCC300BCCF39 /* GetLocalCharactersUseCaseImpl.swift */,
				343DC31A2C89CC9900BCCF39 /* FetchCharactersFromAPIUseCase.swift */,
				343DC31E2C89CCF200BCCF39 /* FetchCharactersFromAPIUseCaseImpl.swift */,
			);
			path = UseCases;
			sourceTree = "<group>";
		};
		343DC2FF2C89AB1000BCCF39 /* Repository */ = {
			isa = PBXGroup;
			children = (
				343DC3122C89C87400BCCF39 /* CharacterRepository.swift */,
				343DC3142C89C95300BCCF39 /* CharacterRepositoryImpl.swift */,
			);
			path = Repository;
			sourceTree = "<group>";
		};
		343DC3002C89AB1A00BCCF39 /* DataSource */ = {
			isa = PBXGroup;
			children = (
				343DC3092C89BE7800BCCF39 /* CharacterDataSource.swift */,
				343DC30B2C89BFC100BCCF39 /* LocalCharacterDataSource.swift */,
				343DC30D2C89BFD500BCCF39 /* NetworkCharacterDataSource.swift */,
			);
			path = DataSource;
			sourceTree = "<group>";
		};
		343DC3012C89AB2500BCCF39 /* Home */ = {
			isa = PBXGroup;
			children = (
				343DC3032C89AB3000BCCF39 /* ViewModel */,
				343DC3022C89AB2B00BCCF39 /* View */,
			);
			path = Home;
			sourceTree = "<group>";
		};
		343DC3022C89AB2B00BCCF39 /* View */ = {
			isa = PBXGroup;
			children = (
				343DC3222C89F97300BCCF39 /* HomeView.swift */,
			);
			path = View;
			sourceTree = "<group>";
		};
		343DC3032C89AB3000BCCF39 /* ViewModel */ = {
			isa = PBXGroup;
			children = (
				343DC3202C89CDC100BCCF39 /* HomeViewModel.swift */,
			);
			path = ViewModel;
			sourceTree = "<group>";
		};
		343DC3062C89B51600BCCF39 /* Resources */ = {
			isa = PBXGroup;
			children = (
				343DC3072C89B52B00BCCF39 /* localDatabase.json */,
			);
			path = Resources;
			sourceTree = "<group>";
		};
		343DC30F2C89C41F00BCCF39 /* Shared */ = {
			isa = PBXGroup;
			children = (
				343DC3102C89C43900BCCF39 /* DataService.swift */,
				343DC32A2C8A088800BCCF39 /* DeveloperPreview.swift */,
			);
			path = Shared;
			sourceTree = "<group>";
		};
		343DC3242C89FB5000BCCF39 /* Mocks */ = {
			isa = PBXGroup;
			children = (
				343DC3252C89FB7400BCCF39 /* MockGetLocalCharactersUseCase.swift */,
				343DC3272C89FCA500BCCF39 /* MockFetchCharactersFromAPIUseCase.swift */,
			);
			path = Mocks;
			sourceTree = "<group>";
		};
		343DC3292C8A086500BCCF39 /* Extensions */ = {
			isa = PBXGroup;
			children = (
				345D5A9A2C8B5507003BA242 /* UIApplication.swift */,
			);
			path = Extensions;
			sourceTree = "<group>";
		};
		345D5A972C8B534E003BA242 /* Components */ = {
			isa = PBXGroup;
			children = (
				345D5A982C8B5375003BA242 /* SearchBarView.swift */,
			);
			path = Components;
			sourceTree = "<group>";
		};
/* End PBXGroup section */

/* Begin PBXNativeTarget section */
		343DC2E82C89AA4400BCCF39 /* DBZApp */ = {
			isa = PBXNativeTarget;
			buildConfigurationList = 343DC2F72C89AA4500BCCF39 /* Build configuration list for PBXNativeTarget "DBZApp" */;
			buildPhases = (
				343DC2E52C89AA4400BCCF39 /* Sources */,
				343DC2E62C89AA4400BCCF39 /* Frameworks */,
				343DC2E72C89AA4400BCCF39 /* Resources */,
			);
			buildRules = (
			);
			dependencies = (
			);
			name = DBZApp;
			productName = DBZApp;
			productReference = 343DC2E92C89AA4400BCCF39 /* DBZApp.app */;
			productType = "com.apple.product-type.application";
		};
/* End PBXNativeTarget section */

/* Begin PBXProject section */
		343DC2E12C89AA4400BCCF39 /* Project object */ = {
			isa = PBXProject;
			attributes = {
				BuildIndependentTargetsInParallel = 1;
				LastSwiftUpdateCheck = 1540;
				LastUpgradeCheck = 1540;
				TargetAttributes = {
					343DC2E82C89AA4400BCCF39 = {
						CreatedOnToolsVersion = 15.4;
					};
				};
			};
			buildConfigurationList = 343DC2E42C89AA4400BCCF39 /* Build configuration list for PBXProject "DBZApp" */;
			compatibilityVersion = "Xcode 14.0";
			developmentRegion = en;
			hasScannedForEncodings = 0;
			knownRegions = (
				en,
				Base,
			);
			mainGroup = 343DC2E02C89AA4400BCCF39;
			productRefGroup = 343DC2EA2C89AA4400BCCF39 /* Products */;
			projectDirPath = "";
			projectRoot = "";
			targets = (
				343DC2E82C89AA4400BCCF39 /* DBZApp */,
			);
		};
/* End PBXProject section */

/* Begin PBXResourcesBuildPhase section */
		343DC2E72C89AA4400BCCF39 /* Resources */ = {
			isa = PBXResourcesBuildPhase;
			buildActionMask = 2147483647;
			files = (
				343DC3082C89B52B00BCCF39 /* localDatabase.json in Resources */,
				343DC2F42C89AA4500BCCF39 /* Preview Assets.xcassets in Resources */,
				343DC2F12C89AA4500BCCF39 /* Assets.xcassets in Resources */,
			);
			runOnlyForDeploymentPostprocessing = 0;
		};
/* End PBXResourcesBuildPhase section */

/* Begin PBXSourcesBuildPhase section */
		343DC2E52C89AA4400BCCF39 /* Sources */ = {
			isa = PBXSourcesBuildPhase;
			buildActionMask = 2147483647;
			files = (
				343DC30A2C89BE7900BCCF39 /* CharacterDataSource.swift in Sources */,
				343DC3282C89FCA500BCCF39 /* MockFetchCharactersFromAPIUseCase.swift in Sources */,
				343DC31F2C89CCF200BCCF39 /* FetchCharactersFromAPIUseCaseImpl.swift in Sources */,
				343DC31D2C89CCC300BCCF39 /* GetLocalCharactersUseCaseImpl.swift in Sources */,
				343DC3132C89C87400BCCF39 /* CharacterRepository.swift in Sources */,
				343DC3192C89CC7A00BCCF39 /* GetLocalCharactersUseCase.swift in Sources */,
				343DC3112C89C43900BCCF39 /* DataService.swift in Sources */,
				343DC32B2C8A088800BCCF39 /* DeveloperPreview.swift in Sources */,
				345D5A9B2C8B5507003BA242 /* UIApplication.swift in Sources */,
				343DC3052C89AFE600BCCF39 /* Character.swift in Sources */,
				343DC3172C89CC3C00BCCF39 /* UseCaseError.swift in Sources */,
				343DC3262C89FB7400BCCF39 /* MockGetLocalCharactersUseCase.swift in Sources */,
				343DC31B2C89CC9900BCCF39 /* FetchCharactersFromAPIUseCase.swift in Sources */,
				345D5A992C8B5375003BA242 /* SearchBarView.swift in Sources */,
				343DC30C2C89BFC100BCCF39 /* LocalCharacterDataSource.swift in Sources */,
				343DC30E2C89BFD500BCCF39 /* NetworkCharacterDataSource.swift in Sources */,
				343DC3152C89C95300BCCF39 /* CharacterRepositoryImpl.swift in Sources */,
				343DC3232C89F97300BCCF39 /* HomeView.swift in Sources */,
				343DC3212C89CDC100BCCF39 /* HomeViewModel.swift in Sources */,
				343DC2ED2C89AA4400BCCF39 /* DBZApp.swift in Sources */,
			);
			runOnlyForDeploymentPostprocessing = 0;
		};
/* End PBXSourcesBuildPhase section */

/* Begin XCBuildConfiguration section */
		343DC2F52C89AA4500BCCF39 /* Debug */ = {
			isa = XCBuildConfiguration;
			buildSettings = {
				ALWAYS_SEARCH_USER_PATHS = NO;
				ASSETCATALOG_COMPILER_GENERATE_SWIFT_ASSET_SYMBOL_EXTENSIONS = YES;
				CLANG_ANALYZER_NONNULL = YES;
				CLANG_ANALYZER_NUMBER_OBJECT_CONVERSION = YES_AGGRESSIVE;
				CLANG_CXX_LANGUAGE_STANDARD = "gnu++20";
				CLANG_ENABLE_MODULES = YES;
				CLANG_ENABLE_OBJC_ARC = YES;
				CLANG_ENABLE_OBJC_WEAK = YES;
				CLANG_WARN_BLOCK_CAPTURE_AUTORELEASING = YES;
				CLANG_WARN_BOOL_CONVERSION = YES;
				CLANG_WARN_COMMA = YES;
				CLANG_WARN_CONSTANT_CONVERSION = YES;
				CLANG_WARN_DEPRECATED_OBJC_IMPLEMENTATIONS = YES;
				CLANG_WARN_DIRECT_OBJC_ISA_USAGE = YES_ERROR;
				CLANG_WARN_DOCUMENTATION_COMMENTS = YES;
				CLANG_WARN_EMPTY_BODY = YES;
				CLANG_WARN_ENUM_CONVERSION = YES;
				CLANG_WARN_INFINITE_RECURSION = YES;
				CLANG_WARN_INT_CONVERSION = YES;
				CLANG_WARN_NON_LITERAL_NULL_CONVERSION = YES;
				CLANG_WARN_OBJC_IMPLICIT_RETAIN_SELF = YES;
				CLANG_WARN_OBJC_LITERAL_CONVERSION = YES;
				CLANG_WARN_OBJC_ROOT_CLASS = YES_ERROR;
				CLANG_WARN_QUOTED_INCLUDE_IN_FRAMEWORK_HEADER = YES;
				CLANG_WARN_RANGE_LOOP_ANALYSIS = YES;
				CLANG_WARN_STRICT_PROTOTYPES = YES;
				CLANG_WARN_SUSPICIOUS_MOVE = YES;
				CLANG_WARN_UNGUARDED_AVAILABILITY = YES_AGGRESSIVE;
				CLANG_WARN_UNREACHABLE_CODE = YES;
				CLANG_WARN__DUPLICATE_METHOD_MATCH = YES;
				COPY_PHASE_STRIP = NO;
				DEBUG_INFORMATION_FORMAT = dwarf;
				ENABLE_STRICT_OBJC_MSGSEND = YES;
				ENABLE_TESTABILITY = YES;
				ENABLE_USER_SCRIPT_SANDBOXING = YES;
				GCC_C_LANGUAGE_STANDARD = gnu17;
				GCC_DYNAMIC_NO_PIC = NO;
				GCC_NO_COMMON_BLOCKS = YES;
				GCC_OPTIMIZATION_LEVEL = 0;
				GCC_PREPROCESSOR_DEFINITIONS = (
					"DEBUG=1",
					"$(inherited)",
				);
				GCC_WARN_64_TO_32_BIT_CONVERSION = YES;
				GCC_WARN_ABOUT_RETURN_TYPE = YES_ERROR;
				GCC_WARN_UNDECLARED_SELECTOR = YES;
				GCC_WARN_UNINITIALIZED_AUTOS = YES_AGGRESSIVE;
				GCC_WARN_UNUSED_FUNCTION = YES;
				GCC_WARN_UNUSED_VARIABLE = YES;
				IPHONEOS_DEPLOYMENT_TARGET = 17.5;
				LOCALIZATION_PREFERS_STRING_CATALOGS = YES;
				MTL_ENABLE_DEBUG_INFO = INCLUDE_SOURCE;
				MTL_FAST_MATH = YES;
				ONLY_ACTIVE_ARCH = YES;
				SDKROOT = iphoneos;
				SWIFT_ACTIVE_COMPILATION_CONDITIONS = "DEBUG $(inherited)";
				SWIFT_OPTIMIZATION_LEVEL = "-Onone";
			};
			name = Debug;
		};
		343DC2F62C89AA4500BCCF39 /* Release */ = {
			isa = XCBuildConfiguration;
			buildSettings = {
				ALWAYS_SEARCH_USER_PATHS = NO;
				ASSETCATALOG_COMPILER_GENERATE_SWIFT_ASSET_SYMBOL_EXTENSIONS = YES;
				CLANG_ANALYZER_NONNULL = YES;
				CLANG_ANALYZER_NUMBER_OBJECT_CONVERSION = YES_AGGRESSIVE;
				CLANG_CXX_LANGUAGE_STANDARD = "gnu++20";
				CLANG_ENABLE_MODULES = YES;
				CLANG_ENABLE_OBJC_ARC = YES;
				CLANG_ENABLE_OBJC_WEAK = YES;
				CLANG_WARN_BLOCK_CAPTURE_AUTORELEASING = YES;
				CLANG_WARN_BOOL_CONVERSION = YES;
				CLANG_WARN_COMMA = YES;
				CLANG_WARN_CONSTANT_CONVERSION = YES;
				CLANG_WARN_DEPRECATED_OBJC_IMPLEMENTATIONS = YES;
				CLANG_WARN_DIRECT_OBJC_ISA_USAGE = YES_ERROR;
				CLANG_WARN_DOCUMENTATION_COMMENTS = YES;
				CLANG_WARN_EMPTY_BODY = YES;
				CLANG_WARN_ENUM_CONVERSION = YES;
				CLANG_WARN_INFINITE_RECURSION = YES;
				CLANG_WARN_INT_CONVERSION = YES;
				CLANG_WARN_NON_LITERAL_NULL_CONVERSION = YES;
				CLANG_WARN_OBJC_IMPLICIT_RETAIN_SELF = YES;
				CLANG_WARN_OBJC_LITERAL_CONVERSION = YES;
				CLANG_WARN_OBJC_ROOT_CLASS = YES_ERROR;
				CLANG_WARN_QUOTED_INCLUDE_IN_FRAMEWORK_HEADER = YES;
				CLANG_WARN_RANGE_LOOP_ANALYSIS = YES;
				CLANG_WARN_STRICT_PROTOTYPES = YES;
				CLANG_WARN_SUSPICIOUS_MOVE = YES;
				CLANG_WARN_UNGUARDED_AVAILABILITY = YES_AGGRESSIVE;
				CLANG_WARN_UNREACHABLE_CODE = YES;
				CLANG_WARN__DUPLICATE_METHOD_MATCH = YES;
				COPY_PHASE_STRIP = NO;
				DEBUG_INFORMATION_FORMAT = "dwarf-with-dsym";
				ENABLE_NS_ASSERTIONS = NO;
				ENABLE_STRICT_OBJC_MSGSEND = YES;
				ENABLE_USER_SCRIPT_SANDBOXING = YES;
				GCC_C_LANGUAGE_STANDARD = gnu17;
				GCC_NO_COMMON_BLOCKS = YES;
				GCC_WARN_64_TO_32_BIT_CONVERSION = YES;
				GCC_WARN_ABOUT_RETURN_TYPE = YES_ERROR;
				GCC_WARN_UNDECLARED_SELECTOR = YES;
				GCC_WARN_UNINITIALIZED_AUTOS = YES_AGGRESSIVE;
				GCC_WARN_UNUSED_FUNCTION = YES;
				GCC_WARN_UNUSED_VARIABLE = YES;
				IPHONEOS_DEPLOYMENT_TARGET = 17.5;
				LOCALIZATION_PREFERS_STRING_CATALOGS = YES;
				MTL_ENABLE_DEBUG_INFO = NO;
				MTL_FAST_MATH = YES;
				SDKROOT = iphoneos;
				SWIFT_COMPILATION_MODE = wholemodule;
				VALIDATE_PRODUCT = YES;
			};
			name = Release;
		};
		343DC2F82C89AA4500BCCF39 /* Debug */ = {
			isa = XCBuildConfiguration;
			buildSettings = {
				ASSETCATALOG_COMPILER_APPICON_NAME = AppIcon;
				ASSETCATALOG_COMPILER_GLOBAL_ACCENT_COLOR_NAME = AccentColor;
				CODE_SIGN_STYLE = Automatic;
				CURRENT_PROJECT_VERSION = 1;
				DEVELOPMENT_ASSET_PATHS = "\"DBZApp/Preview Content\"";
				DEVELOPMENT_TEAM = 4XAMG487KR;
				ENABLE_PREVIEWS = YES;
				GENERATE_INFOPLIST_FILE = YES;
				INFOPLIST_KEY_UIApplicationSceneManifest_Generation = YES;
				INFOPLIST_KEY_UIApplicationSupportsIndirectInputEvents = YES;
				INFOPLIST_KEY_UILaunchScreen_Generation = YES;
				INFOPLIST_KEY_UISupportedInterfaceOrientations_iPad = "UIInterfaceOrientationPortrait UIInterfaceOrientationPortraitUpsideDown UIInterfaceOrientationLandscapeLeft UIInterfaceOrientationLandscapeRight";
				INFOPLIST_KEY_UISupportedInterfaceOrientations_iPhone = "UIInterfaceOrientationPortrait UIInterfaceOrientationLandscapeLeft UIInterfaceOrientationLandscapeRight";
				LD_RUNPATH_SEARCH_PATHS = (
					"$(inherited)",
					"@executable_path/Frameworks",
				);
				MARKETING_VERSION = 1.0;
				PRODUCT_BUNDLE_IDENTIFIER = com.quarantasis.DBZApp;
				PRODUCT_NAME = "$(TARGET_NAME)";
				SWIFT_EMIT_LOC_STRINGS = YES;
				SWIFT_VERSION = 5.0;
				TARGETED_DEVICE_FAMILY = "1,2";
			};
			name = Debug;
		};
		343DC2F92C89AA4500BCCF39 /* Release */ = {
			isa = XCBuildConfiguration;
			buildSettings = {
				ASSETCATALOG_COMPILER_APPICON_NAME = AppIcon;
				ASSETCATALOG_COMPILER_GLOBAL_ACCENT_COLOR_NAME = AccentColor;
				CODE_SIGN_STYLE = Automatic;
				CURRENT_PROJECT_VERSION = 1;
				DEVELOPMENT_ASSET_PATHS = "\"DBZApp/Preview Content\"";
				DEVELOPMENT_TEAM = 4XAMG487KR;
				ENABLE_PREVIEWS = YES;
				GENERATE_INFOPLIST_FILE = YES;
				INFOPLIST_KEY_UIApplicationSceneManifest_Generation = YES;
				INFOPLIST_KEY_UIApplicationSupportsIndirectInputEvents = YES;
				INFOPLIST_KEY_UILaunchScreen_Generation = YES;
				INFOPLIST_KEY_UISupportedInterfaceOrientations_iPad = "UIInterfaceOrientationPortrait UIInterfaceOrientationPortraitUpsideDown UIInterfaceOrientationLandscapeLeft UIInterfaceOrientationLandscapeRight";
				INFOPLIST_KEY_UISupportedInterfaceOrientations_iPhone = "UIInterfaceOrientationPortrait UIInterfaceOrientationLandscapeLeft UIInterfaceOrientationLandscapeRight";
				LD_RUNPATH_SEARCH_PATHS = (
					"$(inherited)",
					"@executable_path/Frameworks",
				);
				MARKETING_VERSION = 1.0;
				PRODUCT_BUNDLE_IDENTIFIER = com.quarantasis.DBZApp;
				PRODUCT_NAME = "$(TARGET_NAME)";
				SWIFT_EMIT_LOC_STRINGS = YES;
				SWIFT_VERSION = 5.0;
				TARGETED_DEVICE_FAMILY = "1,2";
			};
			name = Release;
		};
/* End XCBuildConfiguration section */

/* Begin XCConfigurationList section */
		343DC2E42C89AA4400BCCF39 /* Build configuration list for PBXProject "DBZApp" */ = {
			isa = XCConfigurationList;
			buildConfigurations = (
				343DC2F52C89AA4500BCCF39 /* Debug */,
				343DC2F62C89AA4500BCCF39 /* Release */,
			);
			defaultConfigurationIsVisible = 0;
			defaultConfigurationName = Release;
		};
		343DC2F72C89AA4500BCCF39 /* Build configuration list for PBXNativeTarget "DBZApp" */ = {
			isa = XCConfigurationList;
			buildConfigurations = (
				343DC2F82C89AA4500BCCF39 /* Debug */,
				343DC2F92C89AA4500BCCF39 /* Release */,
			);
			defaultConfigurationIsVisible = 0;
			defaultConfigurationName = Release;
		};
/* End XCConfigurationList section */
	};
	rootObject = 343DC2E12C89AA4400BCCF39 /* Project object */;
}
